// !$*UTF8*$!
{
	archiveVersion = 1;
	classes = {
	};
	objectVersion = 46;
	objects = {

/* Begin PBXBuildFile section */
		B02688BB191F77460005CE52 /* Foundation.framework in Frameworks */ = {isa = PBXBuildFile; fileRef = B02688BA191F77460005CE52 /* Foundation.framework */; };
		B02688BD191F77460005CE52 /* CoreGraphics.framework in Frameworks */ = {isa = PBXBuildFile; fileRef = B02688BC191F77460005CE52 /* CoreGraphics.framework */; };
		B02688BF191F77460005CE52 /* UIKit.framework in Frameworks */ = {isa = PBXBuildFile; fileRef = B02688BE191F77460005CE52 /* UIKit.framework */; };
		B02688C5191F77460005CE52 /* InfoPlist.strings in Resources */ = {isa = PBXBuildFile; fileRef = B02688C3191F77460005CE52 /* InfoPlist.strings */; };
		B02688C7191F77460005CE52 /* main.m in Sources */ = {isa = PBXBuildFile; fileRef = B02688C6191F77460005CE52 /* main.m */; };
		B02688CE191F77470005CE52 /* Main_iPhone.storyboard in Resources */ = {isa = PBXBuildFile; fileRef = B02688CC191F77470005CE52 /* Main_iPhone.storyboard */; };
		B02688D1191F77470005CE52 /* Main_iPad.storyboard in Resources */ = {isa = PBXBuildFile; fileRef = B02688CF191F77470005CE52 /* Main_iPad.storyboard */; };
		B02688D6191F77470005CE52 /* Images.xcassets in Resources */ = {isa = PBXBuildFile; fileRef = B02688D5191F77470005CE52 /* Images.xcassets */; };
		B02688FC191F79670005CE52 /* deviceTable.m in Sources */ = {isa = PBXBuildFile; fileRef = B02688FB191F79670005CE52 /* deviceTable.m */; };
		B0268902191F7DA80005CE52 /* AppDelegate.m in Sources */ = {isa = PBXBuildFile; fileRef = B02688FF191F7DA80005CE52 /* AppDelegate.m */; };
		B0268903191F7DA80005CE52 /* ViewController.m in Sources */ = {isa = PBXBuildFile; fileRef = B0268901191F7DA80005CE52 /* ViewController.m */; };
		B0268906191F7DE70005CE52 /* scenaryTable.m in Sources */ = {isa = PBXBuildFile; fileRef = B0268905191F7DE70005CE52 /* scenaryTable.m */; };
		B0268909191F7DFC0005CE52 /* roomTable.m in Sources */ = {isa = PBXBuildFile; fileRef = B0268908191F7DFC0005CE52 /* roomTable.m */; };
		B026890C191F7E2C0005CE52 /* commandTable.m in Sources */ = {isa = PBXBuildFile; fileRef = B026890B191F7E2C0005CE52 /* commandTable.m */; };
		B026890F191F7E740005CE52 /* deviceSource.m in Sources */ = {isa = PBXBuildFile; fileRef = B026890E191F7E740005CE52 /* deviceSource.m */; };
		B0268912191F7E920005CE52 /* roomSource.m in Sources */ = {isa = PBXBuildFile; fileRef = B0268911191F7E920005CE52 /* roomSource.m */; };
		B0268915191F7EA80005CE52 /* scenarySource.m in Sources */ = {isa = PBXBuildFile; fileRef = B0268914191F7EA80005CE52 /* scenarySource.m */; };
		B0268918191F7EBD0005CE52 /* commandSource.m in Sources */ = {isa = PBXBuildFile; fileRef = B0268917191F7EBD0005CE52 /* commandSource.m */; };
		B026891B191F7EDF0005CE52 /* room.m in Sources */ = {isa = PBXBuildFile; fileRef = B026891A191F7EDF0005CE52 /* room.m */; };
		B026891E191F7EF80005CE52 /* scenary.m in Sources */ = {isa = PBXBuildFile; fileRef = B026891D191F7EF80005CE52 /* scenary.m */; };
		B0268921191F7F0E0005CE52 /* command.m in Sources */ = {isa = PBXBuildFile; fileRef = B0268920191F7F0E0005CE52 /* command.m */; };
		B0268924191F7F2F0005CE52 /* device.m in Sources */ = {isa = PBXBuildFile; fileRef = B0268923191F7F2F0005CE52 /* device.m */; };
		B0268927191F7F4E0005CE52 /* deviceMgr.m in Sources */ = {isa = PBXBuildFile; fileRef = B0268926191F7F4E0005CE52 /* deviceMgr.m */; };
		B026892A191F7F5F0005CE52 /* roomMgr.m in Sources */ = {isa = PBXBuildFile; fileRef = B0268929191F7F5F0005CE52 /* roomMgr.m */; };
		B026892D191F7F710005CE52 /* scenaryMgr.m in Sources */ = {isa = PBXBuildFile; fileRef = B026892C191F7F710005CE52 /* scenaryMgr.m */; };
		B0268930191F7F880005CE52 /* commandMgr.m in Sources */ = {isa = PBXBuildFile; fileRef = B026892F191F7F880005CE52 /* commandMgr.m */; };
		B0268934191F80770005CE52 /* RoomsViewController.m in Sources */ = {isa = PBXBuildFile; fileRef = B0268932191F80770005CE52 /* RoomsViewController.m */; };
		B0268935191F80770005CE52 /* RoomsViewController.xib in Resources */ = {isa = PBXBuildFile; fileRef = B0268933191F80770005CE52 /* RoomsViewController.xib */; };
		B0268939191F80D80005CE52 /* ScenaryViewController.m in Sources */ = {isa = PBXBuildFile; fileRef = B0268937191F80D80005CE52 /* ScenaryViewController.m */; };
		B026893A191F80D80005CE52 /* ScenaryViewController.xib in Resources */ = {isa = PBXBuildFile; fileRef = B0268938191F80D80005CE52 /* ScenaryViewController.xib */; };
		B026893E191F82A40005CE52 /* SetViewController.m in Sources */ = {isa = PBXBuildFile; fileRef = B026893C191F82A40005CE52 /* SetViewController.m */; };
		B026893F191F82A40005CE52 /* SetViewController.xib in Resources */ = {isa = PBXBuildFile; fileRef = B026893D191F82A40005CE52 /* SetViewController.xib */; };
		B0268943191F82D50005CE52 /* AddDevViewController.m in Sources */ = {isa = PBXBuildFile; fileRef = B0268941191F82D50005CE52 /* AddDevViewController.m */; };
		B0268944191F82D50005CE52 /* AddDevViewController.xib in Resources */ = {isa = PBXBuildFile; fileRef = B0268942191F82D50005CE52 /* AddDevViewController.xib */; };
		B0268948191F82FE0005CE52 /* LampViewController.m in Sources */ = {isa = PBXBuildFile; fileRef = B0268946191F82FE0005CE52 /* LampViewController.m */; };
		B0268949191F82FE0005CE52 /* LampViewController.xib in Resources */ = {isa = PBXBuildFile; fileRef = B0268947191F82FE0005CE52 /* LampViewController.xib */; };
		B026894D191F832D0005CE52 /* WebcamViewController.m in Sources */ = {isa = PBXBuildFile; fileRef = B026894B191F832D0005CE52 /* WebcamViewController.m */; };
		B026894E191F832D0005CE52 /* WebcamViewController.xib in Resources */ = {isa = PBXBuildFile; fileRef = B026894C191F832D0005CE52 /* WebcamViewController.xib */; };
		B0268952191F834B0005CE52 /* CurtainViewController.m in Sources */ = {isa = PBXBuildFile; fileRef = B0268950191F834B0005CE52 /* CurtainViewController.m */; };
		B0268953191F834B0005CE52 /* CurtainViewController.xib in Resources */ = {isa = PBXBuildFile; fileRef = B0268951191F834B0005CE52 /* CurtainViewController.xib */; };
		B0268957191F83610005CE52 /* TVViewController.m in Sources */ = {isa = PBXBuildFile; fileRef = B0268955191F83610005CE52 /* TVViewController.m */; };
		B0268958191F83610005CE52 /* TVViewController.xib in Resources */ = {isa = PBXBuildFile; fileRef = B0268956191F83610005CE52 /* TVViewController.xib */; };
		B026895C191F83850005CE52 /* SocViewController.m in Sources */ = {isa = PBXBuildFile; fileRef = B026895A191F83850005CE52 /* SocViewController.m */; };
		B026895D191F83850005CE52 /* SocViewController.xib in Resources */ = {isa = PBXBuildFile; fileRef = B026895B191F83850005CE52 /* SocViewController.xib */; };
		B0268961191F83DA0005CE52 /* AirconViewController.m in Sources */ = {isa = PBXBuildFile; fileRef = B026895F191F83DA0005CE52 /* AirconViewController.m */; };
		B0268962191F83DA0005CE52 /* AirconViewController.xib in Resources */ = {isa = PBXBuildFile; fileRef = B0268960191F83DA0005CE52 /* AirconViewController.xib */; };
/* End PBXBuildFile section */

/* Begin PBXFileReference section */
		B02688B7191F77460005CE52 /* XHomeDemo.app */ = {isa = PBXFileReference; explicitFileType = wrapper.application; includeInIndex = 0; path = XHomeDemo.app; sourceTree = BUILT_PRODUCTS_DIR; };
		B02688BA191F77460005CE52 /* Foundation.framework */ = {isa = PBXFileReference; lastKnownFileType = wrapper.framework; name = Foundation.framework; path = System/Library/Frameworks/Foundation.framework; sourceTree = SDKROOT; };
		B02688BC191F77460005CE52 /* CoreGraphics.framework */ = {isa = PBXFileReference; lastKnownFileType = wrapper.framework; name = CoreGraphics.framework; path = System/Library/Frameworks/CoreGraphics.framework; sourceTree = SDKROOT; };
		B02688BE191F77460005CE52 /* UIKit.framework */ = {isa = PBXFileReference; lastKnownFileType = wrapper.framework; name = UIKit.framework; path = System/Library/Frameworks/UIKit.framework; sourceTree = SDKROOT; };
		B02688C2191F77460005CE52 /* XHomeDemo-Info.plist */ = {isa = PBXFileReference; lastKnownFileType = text.plist.xml; path = "XHomeDemo-Info.plist"; sourceTree = "<group>"; };
		B02688C4191F77460005CE52 /* en */ = {isa = PBXFileReference; lastKnownFileType = text.plist.strings; name = en; path = en.lproj/InfoPlist.strings; sourceTree = "<group>"; };
		B02688C6191F77460005CE52 /* main.m */ = {isa = PBXFileReference; lastKnownFileType = sourcecode.c.objc; path = main.m; sourceTree = "<group>"; };
		B02688C8191F77460005CE52 /* XHomeDemo-Prefix.pch */ = {isa = PBXFileReference; lastKnownFileType = sourcecode.c.h; path = "XHomeDemo-Prefix.pch"; sourceTree = "<group>"; };
		B02688CD191F77470005CE52 /* Base */ = {isa = PBXFileReference; lastKnownFileType = file.storyboard; name = Base; path = Base.lproj/Main_iPhone.storyboard; sourceTree = "<group>"; };
		B02688D0191F77470005CE52 /* Base */ = {isa = PBXFileReference; lastKnownFileType = file.storyboard; name = Base; path = Base.lproj/Main_iPad.storyboard; sourceTree = "<group>"; };
		B02688D5191F77470005CE52 /* Images.xcassets */ = {isa = PBXFileReference; lastKnownFileType = folder.assetcatalog; path = Images.xcassets; sourceTree = "<group>"; };
		B02688DC191F77470005CE52 /* XCTest.framework */ = {isa = PBXFileReference; lastKnownFileType = wrapper.framework; name = XCTest.framework; path = Library/Frameworks/XCTest.framework; sourceTree = DEVELOPER_DIR; };
		B02688FA191F79670005CE52 /* deviceTable.h */ = {isa = PBXFileReference; fileEncoding = 4; lastKnownFileType = sourcecode.c.h; name = deviceTable.h; path = data/db/deviceTable.h; sourceTree = "<group>"; };
		B02688FB191F79670005CE52 /* deviceTable.m */ = {isa = PBXFileReference; fileEncoding = 4; lastKnownFileType = sourcecode.c.objc; name = deviceTable.m; path = data/db/deviceTable.m; sourceTree = "<group>"; };
		B02688FE191F7DA80005CE52 /* AppDelegate.h */ = {isa = PBXFileReference; fileEncoding = 4; lastKnownFileType = sourcecode.c.h; name = AppDelegate.h; path = view/AppDelegate.h; sourceTree = "<group>"; };
		B02688FF191F7DA80005CE52 /* AppDelegate.m */ = {isa = PBXFileReference; fileEncoding = 4; lastKnownFileType = sourcecode.c.objc; name = AppDelegate.m; path = view/AppDelegate.m; sourceTree = "<group>"; };
		B0268900191F7DA80005CE52 /* ViewController.h */ = {isa = PBXFileReference; fileEncoding = 4; lastKnownFileType = sourcecode.c.h; name = ViewController.h; path = view/ViewController.h; sourceTree = "<group>"; };
		B0268901191F7DA80005CE52 /* ViewController.m */ = {isa = PBXFileReference; fileEncoding = 4; lastKnownFileType = sourcecode.c.objc; name = ViewController.m; path = view/ViewController.m; sourceTree = "<group>"; };
		B0268904191F7DE70005CE52 /* scenaryTable.h */ = {isa = PBXFileReference; fileEncoding = 4; lastKnownFileType = sourcecode.c.h; name = scenaryTable.h; path = data/db/scenaryTable.h; sourceTree = "<group>"; };
		B0268905191F7DE70005CE52 /* scenaryTable.m */ = {isa = PBXFileReference; fileEncoding = 4; lastKnownFileType = sourcecode.c.objc; name = scenaryTable.m; path = data/db/scenaryTable.m; sourceTree = "<group>"; };
		B0268907191F7DFC0005CE52 /* roomTable.h */ = {isa = PBXFileReference; fileEncoding = 4; lastKnownFileType = sourcecode.c.h; name = roomTable.h; path = data/db/roomTable.h; sourceTree = "<group>"; };
		B0268908191F7DFC0005CE52 /* roomTable.m */ = {isa = PBXFileReference; fileEncoding = 4; lastKnownFileType = sourcecode.c.objc; name = roomTable.m; path = data/db/roomTable.m; sourceTree = "<group>"; };
		B026890A191F7E2C0005CE52 /* commandTable.h */ = {isa = PBXFileReference; fileEncoding = 4; lastKnownFileType = sourcecode.c.h; name = commandTable.h; path = data/db/commandTable.h; sourceTree = "<group>"; };
		B026890B191F7E2C0005CE52 /* commandTable.m */ = {isa = PBXFileReference; fileEncoding = 4; lastKnownFileType = sourcecode.c.objc; name = commandTable.m; path = data/db/commandTable.m; sourceTree = "<group>"; };
		B026890D191F7E740005CE52 /* deviceSource.h */ = {isa = PBXFileReference; fileEncoding = 4; lastKnownFileType = sourcecode.c.h; name = deviceSource.h; path = data/cache/deviceSource.h; sourceTree = "<group>"; };
		B026890E191F7E740005CE52 /* deviceSource.m */ = {isa = PBXFileReference; fileEncoding = 4; lastKnownFileType = sourcecode.c.objc; name = deviceSource.m; path = data/cache/deviceSource.m; sourceTree = "<group>"; };
		B0268910191F7E920005CE52 /* roomSource.h */ = {isa = PBXFileReference; fileEncoding = 4; lastKnownFileType = sourcecode.c.h; name = roomSource.h; path = data/cache/roomSource.h; sourceTree = "<group>"; };
		B0268911191F7E920005CE52 /* roomSource.m */ = {isa = PBXFileReference; fileEncoding = 4; lastKnownFileType = sourcecode.c.objc; name = roomSource.m; path = data/cache/roomSource.m; sourceTree = "<group>"; };
		B0268913191F7EA80005CE52 /* scenarySource.h */ = {isa = PBXFileReference; fileEncoding = 4; lastKnownFileType = sourcecode.c.h; name = scenarySource.h; path = data/cache/scenarySource.h; sourceTree = "<group>"; };
		B0268914191F7EA80005CE52 /* scenarySource.m */ = {isa = PBXFileReference; fileEncoding = 4; lastKnownFileType = sourcecode.c.objc; name = scenarySource.m; path = data/cache/scenarySource.m; sourceTree = "<group>"; };
		B0268916191F7EBD0005CE52 /* commandSource.h */ = {isa = PBXFileReference; fileEncoding = 4; lastKnownFileType = sourcecode.c.h; name = commandSource.h; path = data/cache/commandSource.h; sourceTree = "<group>"; };
		B0268917191F7EBD0005CE52 /* commandSource.m */ = {isa = PBXFileReference; fileEncoding = 4; lastKnownFileType = sourcecode.c.objc; name = commandSource.m; path = data/cache/commandSource.m; sourceTree = "<group>"; };
		B0268919191F7EDF0005CE52 /* room.h */ = {isa = PBXFileReference; fileEncoding = 4; lastKnownFileType = sourcecode.c.h; name = room.h; path = data/model/room.h; sourceTree = "<group>"; };
		B026891A191F7EDF0005CE52 /* room.m */ = {isa = PBXFileReference; fileEncoding = 4; lastKnownFileType = sourcecode.c.objc; name = room.m; path = data/model/room.m; sourceTree = "<group>"; };
		B026891C191F7EF80005CE52 /* scenary.h */ = {isa = PBXFileReference; fileEncoding = 4; lastKnownFileType = sourcecode.c.h; name = scenary.h; path = data/model/scenary.h; sourceTree = "<group>"; };
		B026891D191F7EF80005CE52 /* scenary.m */ = {isa = PBXFileReference; fileEncoding = 4; lastKnownFileType = sourcecode.c.objc; name = scenary.m; path = data/model/scenary.m; sourceTree = "<group>"; };
		B026891F191F7F0E0005CE52 /* command.h */ = {isa = PBXFileReference; fileEncoding = 4; lastKnownFileType = sourcecode.c.h; name = command.h; path = data/model/command.h; sourceTree = "<group>"; };
		B0268920191F7F0E0005CE52 /* command.m */ = {isa = PBXFileReference; fileEncoding = 4; lastKnownFileType = sourcecode.c.objc; name = command.m; path = data/model/command.m; sourceTree = "<group>"; };
		B0268922191F7F2F0005CE52 /* device.h */ = {isa = PBXFileReference; fileEncoding = 4; lastKnownFileType = sourcecode.c.h; name = device.h; path = data/model/device.h; sourceTree = "<group>"; };
		B0268923191F7F2F0005CE52 /* device.m */ = {isa = PBXFileReference; fileEncoding = 4; lastKnownFileType = sourcecode.c.objc; name = device.m; path = data/model/device.m; sourceTree = "<group>"; };
		B0268925191F7F4E0005CE52 /* deviceMgr.h */ = {isa = PBXFileReference; fileEncoding = 4; lastKnownFileType = sourcecode.c.h; name = deviceMgr.h; path = logic/deviceMgr.h; sourceTree = "<group>"; };
		B0268926191F7F4E0005CE52 /* deviceMgr.m */ = {isa = PBXFileReference; fileEncoding = 4; lastKnownFileType = sourcecode.c.objc; name = deviceMgr.m; path = logic/deviceMgr.m; sourceTree = "<group>"; };
		B0268928191F7F5F0005CE52 /* roomMgr.h */ = {isa = PBXFileReference; fileEncoding = 4; lastKnownFileType = sourcecode.c.h; name = roomMgr.h; path = logic/roomMgr.h; sourceTree = "<group>"; };
		B0268929191F7F5F0005CE52 /* roomMgr.m */ = {isa = PBXFileReference; fileEncoding = 4; lastKnownFileType = sourcecode.c.objc; name = roomMgr.m; path = logic/roomMgr.m; sourceTree = "<group>"; };
		B026892B191F7F710005CE52 /* scenaryMgr.h */ = {isa = PBXFileReference; fileEncoding = 4; lastKnownFileType = sourcecode.c.h; name = scenaryMgr.h; path = logic/scenaryMgr.h; sourceTree = "<group>"; };
		B026892C191F7F710005CE52 /* scenaryMgr.m */ = {isa = PBXFileReference; fileEncoding = 4; lastKnownFileType = sourcecode.c.objc; name = scenaryMgr.m; path = logic/scenaryMgr.m; sourceTree = "<group>"; };
		B026892E191F7F880005CE52 /* commandMgr.h */ = {isa = PBXFileReference; fileEncoding = 4; lastKnownFileType = sourcecode.c.h; path = commandMgr.h; sourceTree = "<group>"; };
		B026892F191F7F880005CE52 /* commandMgr.m */ = {isa = PBXFileReference; fileEncoding = 4; lastKnownFileType = sourcecode.c.objc; path = commandMgr.m; sourceTree = "<group>"; };
		B0268931191F80770005CE52 /* RoomsViewController.h */ = {isa = PBXFileReference; fileEncoding = 4; lastKnownFileType = sourcecode.c.h; name = RoomsViewController.h; path = view/RoomsViewController.h; sourceTree = "<group>"; };
		B0268932191F80770005CE52 /* RoomsViewController.m */ = {isa = PBXFileReference; fileEncoding = 4; lastKnownFileType = sourcecode.c.objc; name = RoomsViewController.m; path = view/RoomsViewController.m; sourceTree = "<group>"; };
		B0268933191F80770005CE52 /* RoomsViewController.xib */ = {isa = PBXFileReference; fileEncoding = 4; lastKnownFileType = file.xib; name = RoomsViewController.xib; path = view/RoomsViewController.xib; sourceTree = "<group>"; };
		B0268936191F80D80005CE52 /* ScenaryViewController.h */ = {isa = PBXFileReference; fileEncoding = 4; lastKnownFileType = sourcecode.c.h; name = ScenaryViewController.h; path = view/ScenaryViewController.h; sourceTree = "<group>"; };
		B0268937191F80D80005CE52 /* ScenaryViewController.m */ = {isa = PBXFileReference; fileEncoding = 4; lastKnownFileType = sourcecode.c.objc; name = ScenaryViewController.m; path = view/ScenaryViewController.m; sourceTree = "<group>"; };
		B0268938191F80D80005CE52 /* ScenaryViewController.xib */ = {isa = PBXFileReference; fileEncoding = 4; lastKnownFileType = file.xib; name = ScenaryViewController.xib; path = view/ScenaryViewController.xib; sourceTree = "<group>"; };
		B026893B191F82A40005CE52 /* SetViewController.h */ = {isa = PBXFileReference; fileEncoding = 4; lastKnownFileType = sourcecode.c.h; name = SetViewController.h; path = view/SetViewController.h; sourceTree = "<group>"; };
		B026893C191F82A40005CE52 /* SetViewController.m */ = {isa = PBXFileReference; fileEncoding = 4; lastKnownFileType = sourcecode.c.objc; name = SetViewController.m; path = view/SetViewController.m; sourceTree = "<group>"; };
		B026893D191F82A40005CE52 /* SetViewController.xib */ = {isa = PBXFileReference; fileEncoding = 4; lastKnownFileType = file.xib; name = SetViewController.xib; path = view/SetViewController.xib; sourceTree = "<group>"; };
		B0268940191F82D50005CE52 /* AddDevViewController.h */ = {isa = PBXFileReference; fileEncoding = 4; lastKnownFileType = sourcecode.c.h; name = AddDevViewController.h; path = view/AddDevViewController.h; sourceTree = "<group>"; };
		B0268941191F82D50005CE52 /* AddDevViewController.m */ = {isa = PBXFileReference; fileEncoding = 4; lastKnownFileType = sourcecode.c.objc; name = AddDevViewController.m; path = view/AddDevViewController.m; sourceTree = "<group>"; };
		B0268942191F82D50005CE52 /* AddDevViewController.xib */ = {isa = PBXFileReference; fileEncoding = 4; lastKnownFileType = file.xib; name = AddDevViewController.xib; path = view/AddDevViewController.xib; sourceTree = "<group>"; };
		B0268945191F82FE0005CE52 /* LampViewController.h */ = {isa = PBXFileReference; fileEncoding = 4; lastKnownFileType = sourcecode.c.h; name = LampViewController.h; path = view/LampViewController.h; sourceTree = "<group>"; };
		B0268946191F82FE0005CE52 /* LampViewController.m */ = {isa = PBXFileReference; fileEncoding = 4; lastKnownFileType = sourcecode.c.objc; name = LampViewController.m; path = view/LampViewController.m; sourceTree = "<group>"; };
		B0268947191F82FE0005CE52 /* LampViewController.xib */ = {isa = PBXFileReference; fileEncoding = 4; lastKnownFileType = file.xib; name = LampViewController.xib; path = view/LampViewController.xib; sourceTree = "<group>"; };
		B026894A191F832C0005CE52 /* WebcamViewController.h */ = {isa = PBXFileReference; fileEncoding = 4; lastKnownFileType = sourcecode.c.h; name = WebcamViewController.h; path = view/WebcamViewController.h; sourceTree = "<group>"; };
		B026894B191F832D0005CE52 /* WebcamViewController.m */ = {isa = PBXFileReference; fileEncoding = 4; lastKnownFileType = sourcecode.c.objc; name = WebcamViewController.m; path = view/WebcamViewController.m; sourceTree = "<group>"; };
		B026894C191F832D0005CE52 /* WebcamViewController.xib */ = {isa = PBXFileReference; fileEncoding = 4; lastKnownFileType = file.xib; name = WebcamViewController.xib; path = view/WebcamViewController.xib; sourceTree = "<group>"; };
		B026894F191F834B0005CE52 /* CurtainViewController.h */ = {isa = PBXFileReference; fileEncoding = 4; lastKnownFileType = sourcecode.c.h; name = CurtainViewController.h; path = view/CurtainViewController.h; sourceTree = "<group>"; };
		B0268950191F834B0005CE52 /* CurtainViewController.m */ = {isa = PBXFileReference; fileEncoding = 4; lastKnownFileType = sourcecode.c.objc; name = CurtainViewController.m; path = view/CurtainViewController.m; sourceTree = "<group>"; };
		B0268951191F834B0005CE52 /* CurtainViewController.xib */ = {isa = PBXFileReference; fileEncoding = 4; lastKnownFileType = file.xib; name = CurtainViewController.xib; path = view/CurtainViewController.xib; sourceTree = "<group>"; };
		B0268954191F83610005CE52 /* TVViewController.h */ = {isa = PBXFileReference; fileEncoding = 4; lastKnownFileType = sourcecode.c.h; name = TVViewController.h; path = view/TVViewController.h; sourceTree = "<group>"; };
		B0268955191F83610005CE52 /* TVViewController.m */ = {isa = PBXFileReference; fileEncoding = 4; lastKnownFileType = sourcecode.c.objc; name = TVViewController.m; path = view/TVViewController.m; sourceTree = "<group>"; };
		B0268956191F83610005CE52 /* TVViewController.xib */ = {isa = PBXFileReference; fileEncoding = 4; lastKnownFileType = file.xib; name = TVViewController.xib; path = view/TVViewController.xib; sourceTree = "<group>"; };
		B0268959191F83850005CE52 /* SocViewController.h */ = {isa = PBXFileReference; fileEncoding = 4; lastKnownFileType = sourcecode.c.h; name = SocViewController.h; path = view/SocViewController.h; sourceTree = "<group>"; };
		B026895A191F83850005CE52 /* SocViewController.m */ = {isa = PBXFileReference; fileEncoding = 4; lastKnownFileType = sourcecode.c.objc; name = SocViewController.m; path = view/SocViewController.m; sourceTree = "<group>"; };
		B026895B191F83850005CE52 /* SocViewController.xib */ = {isa = PBXFileReference; fileEncoding = 4; lastKnownFileType = file.xib; name = SocViewController.xib; path = view/SocViewController.xib; sourceTree = "<group>"; };
		B026895E191F83D90005CE52 /* AirconViewController.h */ = {isa = PBXFileReference; fileEncoding = 4; lastKnownFileType = sourcecode.c.h; name = AirconViewController.h; path = view/AirconViewController.h; sourceTree = "<group>"; };
		B026895F191F83DA0005CE52 /* AirconViewController.m */ = {isa = PBXFileReference; fileEncoding = 4; lastKnownFileType = sourcecode.c.objc; name = AirconViewController.m; path = view/AirconViewController.m; sourceTree = "<group>"; };
		B0268960191F83DA0005CE52 /* AirconViewController.xib */ = {isa = PBXFileReference; fileEncoding = 4; lastKnownFileType = file.xib; name = AirconViewController.xib; path = view/AirconViewController.xib; sourceTree = "<group>"; };
/* End PBXFileReference section */

/* Begin PBXFrameworksBuildPhase section */
		B02688B4191F77460005CE52 /* Frameworks */ = {
			isa = PBXFrameworksBuildPhase;
			buildActionMask = 2147483647;
			files = (
				B02688BD191F77460005CE52 /* CoreGraphics.framework in Frameworks */,
				B02688BF191F77460005CE52 /* UIKit.framework in Frameworks */,
				B02688BB191F77460005CE52 /* Foundation.framework in Frameworks */,
			);
			runOnlyForDeploymentPostprocessing = 0;
		};
/* End PBXFrameworksBuildPhase section */

/* Begin PBXGroup section */
		B02688AE191F77460005CE52 = {
			isa = PBXGroup;
			children = (
				B02688C0191F77460005CE52 /* XHomeDemo */,
				B02688B9191F77460005CE52 /* Frameworks */,
				B02688B8191F77460005CE52 /* Products */,
			);
			sourceTree = "<group>";
		};
		B02688B8191F77460005CE52 /* Products */ = {
			isa = PBXGroup;
			children = (
				B02688B7191F77460005CE52 /* XHomeDemo.app */,
			);
			name = Products;
			sourceTree = "<group>";
		};
		B02688B9191F77460005CE52 /* Frameworks */ = {
			isa = PBXGroup;
			children = (
				B02688BA191F77460005CE52 /* Foundation.framework */,
				B02688BC191F77460005CE52 /* CoreGraphics.framework */,
				B02688BE191F77460005CE52 /* UIKit.framework */,
				B02688DC191F77470005CE52 /* XCTest.framework */,
			);
			name = Frameworks;
			sourceTree = "<group>";
		};
		B02688C0191F77460005CE52 /* XHomeDemo */ = {
			isa = PBXGroup;
			children = (
				B02688F4191F785B0005CE52 /* view */,
				B02688F3191F78500005CE52 /* data */,
				B02688F5191F78630005CE52 /* logic */,
				B02688C1191F77460005CE52 /* Supporting Files */,
			);
			path = XHomeDemo;
			sourceTree = "<group>";
		};
		B02688C1191F77460005CE52 /* Supporting Files */ = {
			isa = PBXGroup;
			children = (
				B02688CC191F77470005CE52 /* Main_iPhone.storyboard */,
				B02688CF191F77470005CE52 /* Main_iPad.storyboard */,
				B02688D5191F77470005CE52 /* Images.xcassets */,
				B02688F9191F78DE0005CE52 /* images */,
				B02688C2191F77460005CE52 /* XHomeDemo-Info.plist */,
				B02688C3191F77460005CE52 /* InfoPlist.strings */,
				B02688C6191F77460005CE52 /* main.m */,
				B02688C8191F77460005CE52 /* XHomeDemo-Prefix.pch */,
			);
			name = "Supporting Files";
			sourceTree = "<group>";
		};
		B02688F3191F78500005CE52 /* data */ = {
			isa = PBXGroup;
			children = (
				B02688F8191F78B60005CE52 /* db */,
				B02688F7191F78AA0005CE52 /* cache */,
				B02688F6191F78940005CE52 /* model */,
			);
			name = data;
			sourceTree = "<group>";
		};
		B02688F4191F785B0005CE52 /* view */ = {
			isa = PBXGroup;
			children = (
				B02688FE191F7DA80005CE52 /* AppDelegate.h */,
				B02688FF191F7DA80005CE52 /* AppDelegate.m */,
				B0268900191F7DA80005CE52 /* ViewController.h */,
				B0268901191F7DA80005CE52 /* ViewController.m */,
				B0268931191F80770005CE52 /* RoomsViewController.h */,
				B0268932191F80770005CE52 /* RoomsViewController.m */,
				B0268933191F80770005CE52 /* RoomsViewController.xib */,
				B0268936191F80D80005CE52 /* ScenaryViewController.h */,
				B0268937191F80D80005CE52 /* ScenaryViewController.m */,
				B0268938191F80D80005CE52 /* ScenaryViewController.xib */,
				B026893B191F82A40005CE52 /* SetViewController.h */,
				B026893C191F82A40005CE52 /* SetViewController.m */,
				B026893D191F82A40005CE52 /* SetViewController.xib */,
				B0268940191F82D50005CE52 /* AddDevViewController.h */,
				B0268941191F82D50005CE52 /* AddDevViewController.m */,
				B0268942191F82D50005CE52 /* AddDevViewController.xib */,
				B0268945191F82FE0005CE52 /* LampViewController.h */,
				B0268946191F82FE0005CE52 /* LampViewController.m */,
				B0268947191F82FE0005CE52 /* LampViewController.xib */,
				B026894A191F832C0005CE52 /* WebcamViewController.h */,
				B026894B191F832D0005CE52 /* WebcamViewController.m */,
				B026894C191F832D0005CE52 /* WebcamViewController.xib */,
				B026894F191F834B0005CE52 /* CurtainViewController.h */,
				B0268950191F834B0005CE52 /* CurtainViewController.m */,
				B0268951191F834B0005CE52 /* CurtainViewController.xib */,
				B0268954191F83610005CE52 /* TVViewController.h */,
				B0268955191F83610005CE52 /* TVViewController.m */,
				B0268956191F83610005CE52 /* TVViewController.xib */,
				B0268959191F83850005CE52 /* SocViewController.h */,
				B026895A191F83850005CE52 /* SocViewController.m */,
				B026895B191F83850005CE52 /* SocViewController.xib */,
				B026895E191F83D90005CE52 /* AirconViewController.h */,
				B026895F191F83DA0005CE52 /* AirconViewController.m */,
				B0268960191F83DA0005CE52 /* AirconViewController.xib */,
			);
			name = view;
			sourceTree = "<group>";
		};
		B02688F5191F78630005CE52 /* logic */ = {
			isa = PBXGroup;
			children = (
				B0268925191F7F4E0005CE52 /* deviceMgr.h */,
				B0268926191F7F4E0005CE52 /* deviceMgr.m */,
				B0268928191F7F5F0005CE52 /* roomMgr.h */,
				B0268929191F7F5F0005CE52 /* roomMgr.m */,
				B026892B191F7F710005CE52 /* scenaryMgr.h */,
				B026892C191F7F710005CE52 /* scenaryMgr.m */,
				B026892E191F7F880005CE52 /* commandMgr.h */,
				B026892F191F7F880005CE52 /* commandMgr.m */,
			);
			name = logic;
			sourceTree = "<group>";
		};
		B02688F6191F78940005CE52 /* model */ = {
			isa = PBXGroup;
			children = (
				B0268919191F7EDF0005CE52 /* room.h */,
				B026891A191F7EDF0005CE52 /* room.m */,
				B026891C191F7EF80005CE52 /* scenary.h */,
				B026891D191F7EF80005CE52 /* scenary.m */,
				B026891F191F7F0E0005CE52 /* command.h */,
				B0268920191F7F0E0005CE52 /* command.m */,
				B0268922191F7F2F0005CE52 /* device.h */,
				B0268923191F7F2F0005CE52 /* device.m */,
			);
			name = model;
			sourceTree = "<group>";
		};
		B02688F7191F78AA0005CE52 /* cache */ = {
			isa = PBXGroup;
			children = (
				B026890D191F7E740005CE52 /* deviceSource.h */,
				B026890E191F7E740005CE52 /* deviceSource.m */,
				B0268910191F7E920005CE52 /* roomSource.h */,
				B0268911191F7E920005CE52 /* roomSource.m */,
				B0268913191F7EA80005CE52 /* scenarySource.h */,
				B0268914191F7EA80005CE52 /* scenarySource.m */,
				B0268916191F7EBD0005CE52 /* commandSource.h */,
				B0268917191F7EBD0005CE52 /* commandSource.m */,
			);
			name = cache;
			sourceTree = "<group>";
		};
		B02688F8191F78B60005CE52 /* db */ = {
			isa = PBXGroup;
			children = (
				B02688FA191F79670005CE52 /* deviceTable.h */,
				B02688FB191F79670005CE52 /* deviceTable.m */,
				B0268904191F7DE70005CE52 /* scenaryTable.h */,
				B0268905191F7DE70005CE52 /* scenaryTable.m */,
				B0268907191F7DFC0005CE52 /* roomTable.h */,
				B0268908191F7DFC0005CE52 /* roomTable.m */,
				B026890A191F7E2C0005CE52 /* commandTable.h */,
				B026890B191F7E2C0005CE52 /* commandTable.m */,
			);
			name = db;
			sourceTree = "<group>";
		};
		B02688F9191F78DE0005CE52 /* images */ = {
			isa = PBXGroup;
			children = (
			);
			name = images;
			sourceTree = "<group>";
		};
/* End PBXGroup section */

/* Begin PBXNativeTarget section */
		B02688B6191F77460005CE52 /* XHomeDemo */ = {
			isa = PBXNativeTarget;
			buildConfigurationList = B02688EC191F77470005CE52 /* Build configuration list for PBXNativeTarget "XHomeDemo" */;
			buildPhases = (
				B02688B3191F77460005CE52 /* Sources */,
				B02688B4191F77460005CE52 /* Frameworks */,
				B02688B5191F77460005CE52 /* Resources */,
			);
			buildRules = (
			);
			dependencies = (
			);
			name = XHomeDemo;
			productName = XHomeDemo;
			productReference = B02688B7191F77460005CE52 /* XHomeDemo.app */;
			productType = "com.apple.product-type.application";
		};
/* End PBXNativeTarget section */

/* Begin PBXProject section */
		B02688AF191F77460005CE52 /* Project object */ = {
			isa = PBXProject;
			attributes = {
				LastUpgradeCheck = 0510;
				ORGANIZATIONNAME = "ROBOTIZE-LIFE";
			};
			buildConfigurationList = B02688B2191F77460005CE52 /* Build configuration list for PBXProject "XHomeDemo" */;
			compatibilityVersion = "Xcode 3.2";
			developmentRegion = English;
			hasScannedForEncodings = 0;
			knownRegions = (
				en,
				Base,
			);
			mainGroup = B02688AE191F77460005CE52;
			productRefGroup = B02688B8191F77460005CE52 /* Products */;
			projectDirPath = "";
			projectRoot = "";
			targets = (
				B02688B6191F77460005CE52 /* XHomeDemo */,
			);
		};
/* End PBXProject section */

/* Begin PBXResourcesBuildPhase section */
		B02688B5191F77460005CE52 /* Resources */ = {
			isa = PBXResourcesBuildPhase;
			buildActionMask = 2147483647;
			files = (
				B0268962191F83DA0005CE52 /* AirconViewController.xib in Resources */,
				B026895D191F83850005CE52 /* SocViewController.xib in Resources */,
				B0268944191F82D50005CE52 /* AddDevViewController.xib in Resources */,
				B0268953191F834B0005CE52 /* CurtainViewController.xib in Resources */,
				B026893A191F80D80005CE52 /* ScenaryViewController.xib in Resources */,
				B0268949191F82FE0005CE52 /* LampViewController.xib in Resources */,
				B02688D1191F77470005CE52 /* Main_iPad.storyboard in Resources */,
				B02688D6191F77470005CE52 /* Images.xcassets in Resources */,
				B026894E191F832D0005CE52 /* WebcamViewController.xib in Resources */,
				B02688CE191F77470005CE52 /* Main_iPhone.storyboard in Resources */,
				B0268935191F80770005CE52 /* RoomsViewController.xib in Resources */,
				B026893F191F82A40005CE52 /* SetViewController.xib in Resources */,
				B0268958191F83610005CE52 /* TVViewController.xib in Resources */,
				B02688C5191F77460005CE52 /* InfoPlist.strings in Resources */,
			);
			runOnlyForDeploymentPostprocessing = 0;
		};
/* End PBXResourcesBuildPhase section */

/* Begin PBXSourcesBuildPhase section */
		B02688B3191F77460005CE52 /* Sources */ = {
			isa = PBXSourcesBuildPhase;
			buildActionMask = 2147483647;
			files = (
				B0268948191F82FE0005CE52 /* LampViewController.m in Sources */,
				B026891E191F7EF80005CE52 /* scenary.m in Sources */,
				B0268943191F82D50005CE52 /* AddDevViewController.m in Sources */,
				B0268912191F7E920005CE52 /* roomSource.m in Sources */,
				B0268939191F80D80005CE52 /* ScenaryViewController.m in Sources */,
				B026892D191F7F710005CE52 /* scenaryMgr.m in Sources */,
				B0268924191F7F2F0005CE52 /* device.m in Sources */,
				B0268952191F834B0005CE52 /* CurtainViewController.m in Sources */,
				B0268918191F7EBD0005CE52 /* commandSource.m in Sources */,
				B026891B191F7EDF0005CE52 /* room.m in Sources */,
				B0268930191F7F880005CE52 /* commandMgr.m in Sources */,
				B0268957191F83610005CE52 /* TVViewController.m in Sources */,
				B0268934191F80770005CE52 /* RoomsViewController.m in Sources */,
				B026892A191F7F5F0005CE52 /* roomMgr.m in Sources */,
				B026890C191F7E2C0005CE52 /* commandTable.m in Sources */,
				B0268903191F7DA80005CE52 /* ViewController.m in Sources */,
				B026894D191F832D0005CE52 /* WebcamViewController.m in Sources */,
				B026890F191F7E740005CE52 /* deviceSource.m in Sources */,
				B0268921191F7F0E0005CE52 /* command.m in Sources */,
				B0268961191F83DA0005CE52 /* AirconViewController.m in Sources */,
				B02688FC191F79670005CE52 /* deviceTable.m in Sources */,
				B0268906191F7DE70005CE52 /* scenaryTable.m in Sources */,
				B0268915191F7EA80005CE52 /* scenarySource.m in Sources */,
				B026895C191F83850005CE52 /* SocViewController.m in Sources */,
				B0268927191F7F4E0005CE52 /* deviceMgr.m in Sources */,
				B0268909191F7DFC0005CE52 /* roomTable.m in Sources */,
				B026893E191F82A40005CE52 /* SetViewController.m in Sources */,
				B02688C7191F77460005CE52 /* main.m in Sources */,
				B0268902191F7DA80005CE52 /* AppDelegate.m in Sources */,
			);
			runOnlyForDeploymentPostprocessing = 0;
		};
/* End PBXSourcesBuildPhase section */

/* Begin PBXVariantGroup section */
		B02688C3191F77460005CE52 /* InfoPlist.strings */ = {
			isa = PBXVariantGroup;
			children = (
				B02688C4191F77460005CE52 /* en */,
			);
			name = InfoPlist.strings;
			sourceTree = "<group>";
		};
		B02688CC191F77470005CE52 /* Main_iPhone.storyboard */ = {
			isa = PBXVariantGroup;
			children = (
				B02688CD191F77470005CE52 /* Base */,
			);
			name = Main_iPhone.storyboard;
			sourceTree = "<group>";
		};
		B02688CF191F77470005CE52 /* Main_iPad.storyboard */ = {
			isa = PBXVariantGroup;
			children = (
				B02688D0191F77470005CE52 /* Base */,
			);
			name = Main_iPad.storyboard;
			sourceTree = "<group>";
		};
/* End PBXVariantGroup section */

/* Begin XCBuildConfiguration section */
		B02688EA191F77470005CE52 /* Debug */ = {
			isa = XCBuildConfiguration;
			buildSettings = {
				ALWAYS_SEARCH_USER_PATHS = NO;
				CLANG_CXX_LANGUAGE_STANDARD = "gnu++0x";
				CLANG_CXX_LIBRARY = "libc++";
				CLANG_ENABLE_MODULES = YES;
				CLANG_ENABLE_OBJC_ARC = YES;
				CLANG_WARN_BOOL_CONVERSION = YES;
				CLANG_WARN_CONSTANT_CONVERSION = YES;
				CLANG_WARN_DIRECT_OBJC_ISA_USAGE = YES_ERROR;
				CLANG_WARN_EMPTY_BODY = YES;
				CLANG_WARN_ENUM_CONVERSION = YES;
				CLANG_WARN_INT_CONVERSION = YES;
				CLANG_WARN_OBJC_ROOT_CLASS = YES_ERROR;
				CLANG_WARN__DUPLICATE_METHOD_MATCH = YES;
				"CODE_SIGN_IDENTITY[sdk=iphoneos*]" = "iPhone Developer";
				COPY_PHASE_STRIP = NO;
				GCC_C_LANGUAGE_STANDARD = gnu99;
				GCC_DYNAMIC_NO_PIC = NO;
				GCC_OPTIMIZATION_LEVEL = 0;
				GCC_PREPROCESSOR_DEFINITIONS = (
					"DEBUG=1",
					"$(inherited)",
				);
				GCC_SYMBOLS_PRIVATE_EXTERN = NO;
				GCC_WARN_64_TO_32_BIT_CONVERSION = YES;
				GCC_WARN_ABOUT_RETURN_TYPE = YES_ERROR;
				GCC_WARN_UNDECLARED_SELECTOR = YES;
				GCC_WARN_UNINITIALIZED_AUTOS = YES_AGGRESSIVE;
				GCC_WARN_UNUSED_FUNCTION = YES;
				GCC_WARN_UNUSED_VARIABLE = YES;
				IPHONEOS_DEPLOYMENT_TARGET = 7.1;
				ONLY_ACTIVE_ARCH = YES;
				SDKROOT = iphoneos;
				TARGETED_DEVICE_FAMILY = "1,2";
			};
			name = Debug;
		};
		B02688EB191F77470005CE52 /* Release */ = {
			isa = XCBuildConfiguration;
			buildSettings = {
				ALWAYS_SEARCH_USER_PATHS = NO;
				CLANG_CXX_LANGUAGE_STANDARD = "gnu++0x";
				CLANG_CXX_LIBRARY = "libc++";
				CLANG_ENABLE_MODULES = YES;
				CLANG_ENABLE_OBJC_ARC = YES;
				CLANG_WARN_BOOL_CONVERSION = YES;
				CLANG_WARN_CONSTANT_CONVERSION = YES;
				CLANG_WARN_DIRECT_OBJC_ISA_USAGE = YES_ERROR;
				CLANG_WARN_EMPTY_BODY = YES;
				CLANG_WARN_ENUM_CONVERSION = YES;
				CLANG_WARN_INT_CONVERSION = YES;
				CLANG_WARN_OBJC_ROOT_CLASS = YES_ERROR;
				CLANG_WARN__DUPLICATE_METHOD_MATCH = YES;
				"CODE_SIGN_IDENTITY[sdk=iphoneos*]" = "iPhone Developer";
				COPY_PHASE_STRIP = YES;
				ENABLE_NS_ASSERTIONS = NO;
				GCC_C_LANGUAGE_STANDARD = gnu99;
				GCC_WARN_64_TO_32_BIT_CONVERSION = YES;
				GCC_WARN_ABOUT_RETURN_TYPE = YES_ERROR;
				GCC_WARN_UNDECLARED_SELECTOR = YES;
				GCC_WARN_UNINITIALIZED_AUTOS = YES_AGGRESSIVE;
				GCC_WARN_UNUSED_FUNCTION = YES;
				GCC_WARN_UNUSED_VARIABLE = YES;
				IPHONEOS_DEPLOYMENT_TARGET = 7.1;
				SDKROOT = iphoneos;
				TARGETED_DEVICE_FAMILY = "1,2";
				VALIDATE_PRODUCT = YES;
			};
			name = Release;
		};
		B02688ED191F77470005CE52 /* Debug */ = {
			isa = XCBuildConfiguration;
			buildSettings = {
				ASSETCATALOG_COMPILER_APPICON_NAME = AppIcon;
				ASSETCATALOG_COMPILER_LAUNCHIMAGE_NAME = LaunchImage;
				GCC_PRECOMPILE_PREFIX_HEADER = YES;
				GCC_PREFIX_HEADER = "XHomeDemo/XHomeDemo-Prefix.pch";
				INFOPLIST_FILE = "XHomeDemo/XHomeDemo-Info.plist";
				PRODUCT_NAME = "$(TARGET_NAME)";
				WRAPPER_EXTENSION = app;
			};
			name = Debug;
		};
		B02688EE191F77470005CE52 /* Release */ = {
			isa = XCBuildConfiguration;
			buildSettings = {
				ASSETCATALOG_COMPILER_APPICON_NAME = AppIcon;
				ASSETCATALOG_COMPILER_LAUNCHIMAGE_NAME = LaunchImage;
				GCC_PRECOMPILE_PREFIX_HEADER = YES;
				GCC_PREFIX_HEADER = "XHomeDemo/XHomeDemo-Prefix.pch";
				INFOPLIST_FILE = "XHomeDemo/XHomeDemo-Info.plist";
				PRODUCT_NAME = "$(TARGET_NAME)";
				WRAPPER_EXTENSION = app;
			};
			name = Release;
		};
/* End XCBuildConfiguration section */

/* Begin XCConfigurationList section */
		B02688B2191F77460005CE52 /* Build configuration list for PBXProject "XHomeDemo" */ = {
			isa = XCConfigurationList;
			buildConfigurations = (
				B02688EA191F77470005CE52 /* Debug */,
				B02688EB191F77470005CE52 /* Release */,
			);
			defaultConfigurationIsVisible = 0;
			defaultConfigurationName = Release;
		};
		B02688EC191F77470005CE52 /* Build configuration list for PBXNativeTarget "XHomeDemo" */ = {
			isa = XCConfigurationList;
			buildConfigurations = (
				B02688ED191F77470005CE52 /* Debug */,
				B02688EE191F77470005CE52 /* Release */,
			);
			defaultConfigurationIsVisible = 0;
		};
/* End XCConfigurationList section */
	};
	rootObject = B02688AF191F77460005CE52 /* Project object */;
}
