// !$*UTF8*$!
{
	archiveVersion = 1;
	classes = {
	};
	objectVersion = 46;
	objects = {

/* Begin PBXBuildFile section */
		B02688BB191F77460005CE52 /* Foundation.framework in Frameworks */ = {isa = PBXBuildFile; fileRef = B02688BA191F77460005CE52 /* Foundation.framework */; };
		B02688BD191F77460005CE52 /* CoreGraphics.framework in Frameworks */ = {isa = PBXBuildFile; fileRef = B02688BC191F77460005CE52 /* CoreGraphics.framework */; };
		B02688BF191F77460005CE52 /* UIKit.framework in Frameworks */ = {isa = PBXBuildFile; fileRef = B02688BE191F77460005CE52 /* UIKit.framework */; };
		B02688C5191F77460005CE52 /* InfoPlist.strings in Resources */ = {isa = PBXBuildFile; fileRef = B02688C3191F77460005CE52 /* InfoPlist.strings */; };
		B02688C7191F77460005CE52 /* main.m in Sources */ = {isa = PBXBuildFile; fileRef = B02688C6191F77460005CE52 /* main.m */; };
		B02688CE191F77470005CE52 /* Main_iPhone.storyboard in Resources */ = {isa = PBXBuildFile; fileRef = B02688CC191F77470005CE52 /* Main_iPhone.storyboard */; };
		B02688D1191F77470005CE52 /* Main_iPad.storyboard in Resources */ = {isa = PBXBuildFile; fileRef = B02688CF191F77470005CE52 /* Main_iPad.storyboard */; };
		B02688D6191F77470005CE52 /* Images.xcassets in Resources */ = {isa = PBXBuildFile; fileRef = B02688D5191F77470005CE52 /* Images.xcassets */; };
		B02688FC191F79670005CE52 /* deviceTable.m in Sources */ = {isa = PBXBuildFile; fileRef = B02688FB191F79670005CE52 /* deviceTable.m */; };
		B0268902191F7DA80005CE52 /* AppDelegate.m in Sources */ = {isa = PBXBuildFile; fileRef = B02688FF191F7DA80005CE52 /* AppDelegate.m */; };
		B0268903191F7DA80005CE52 /* ViewController.m in Sources */ = {isa = PBXBuildFile; fileRef = B0268901191F7DA80005CE52 /* ViewController.m */; };
		B0268906191F7DE70005CE52 /* scenaryTable.m in Sources */ = {isa = PBXBuildFile; fileRef = B0268905191F7DE70005CE52 /* scenaryTable.m */; };
		B0268909191F7DFC0005CE52 /* roomTable.m in Sources */ = {isa = PBXBuildFile; fileRef = B0268908191F7DFC0005CE52 /* roomTable.m */; };
		B026890C191F7E2C0005CE52 /* commandTable.m in Sources */ = {isa = PBXBuildFile; fileRef = B026890B191F7E2C0005CE52 /* commandTable.m */; };
		B026890F191F7E740005CE52 /* deviceSource.m in Sources */ = {isa = PBXBuildFile; fileRef = B026890E191F7E740005CE52 /* deviceSource.m */; };
		B0268912191F7E920005CE52 /* roomSource.m in Sources */ = {isa = PBXBuildFile; fileRef = B0268911191F7E920005CE52 /* roomSource.m */; };
		B0268915191F7EA80005CE52 /* scenarySource.m in Sources */ = {isa = PBXBuildFile; fileRef = B0268914191F7EA80005CE52 /* scenarySource.m */; };
		B0268918191F7EBD0005CE52 /* commandSource.m in Sources */ = {isa = PBXBuildFile; fileRef = B0268917191F7EBD0005CE52 /* commandSource.m */; };
		B0268927191F7F4E0005CE52 /* deviceMgr.m in Sources */ = {isa = PBXBuildFile; fileRef = B0268926191F7F4E0005CE52 /* deviceMgr.m */; };
		B026892A191F7F5F0005CE52 /* roomMgr.m in Sources */ = {isa = PBXBuildFile; fileRef = B0268929191F7F5F0005CE52 /* roomMgr.m */; };
		B026892D191F7F710005CE52 /* scenaryMgr.m in Sources */ = {isa = PBXBuildFile; fileRef = B026892C191F7F710005CE52 /* scenaryMgr.m */; };
		B0268930191F7F880005CE52 /* commandMgr.m in Sources */ = {isa = PBXBuildFile; fileRef = B026892F191F7F880005CE52 /* commandMgr.m */; };
		B0268934191F80770005CE52 /* RoomsViewController.m in Sources */ = {isa = PBXBuildFile; fileRef = B0268932191F80770005CE52 /* RoomsViewController.m */; };
		B0268935191F80770005CE52 /* RoomsViewController.xib in Resources */ = {isa = PBXBuildFile; fileRef = B0268933191F80770005CE52 /* RoomsViewController.xib */; };
		B0268939191F80D80005CE52 /* ScenaryViewController.m in Sources */ = {isa = PBXBuildFile; fileRef = B0268937191F80D80005CE52 /* ScenaryViewController.m */; };
		B026893A191F80D80005CE52 /* ScenaryViewController.xib in Resources */ = {isa = PBXBuildFile; fileRef = B0268938191F80D80005CE52 /* ScenaryViewController.xib */; };
		B026893E191F82A40005CE52 /* SetViewController.m in Sources */ = {isa = PBXBuildFile; fileRef = B026893C191F82A40005CE52 /* SetViewController.m */; };
		B026893F191F82A40005CE52 /* SetViewController.xib in Resources */ = {isa = PBXBuildFile; fileRef = B026893D191F82A40005CE52 /* SetViewController.xib */; };
		B0268943191F82D50005CE52 /* AddDevViewController.m in Sources */ = {isa = PBXBuildFile; fileRef = B0268941191F82D50005CE52 /* AddDevViewController.m */; };
		B0268944191F82D50005CE52 /* AddDevViewController.xib in Resources */ = {isa = PBXBuildFile; fileRef = B0268942191F82D50005CE52 /* AddDevViewController.xib */; };
		B0268948191F82FE0005CE52 /* LampViewController.m in Sources */ = {isa = PBXBuildFile; fileRef = B0268946191F82FE0005CE52 /* LampViewController.m */; };
		B0268949191F82FE0005CE52 /* LampViewController.xib in Resources */ = {isa = PBXBuildFile; fileRef = B0268947191F82FE0005CE52 /* LampViewController.xib */; };
		B026894D191F832D0005CE52 /* WebcamViewController.m in Sources */ = {isa = PBXBuildFile; fileRef = B026894B191F832D0005CE52 /* WebcamViewController.m */; };
		B026894E191F832D0005CE52 /* WebcamViewController.xib in Resources */ = {isa = PBXBuildFile; fileRef = B026894C191F832D0005CE52 /* WebcamViewController.xib */; };
		B0268952191F834B0005CE52 /* CurtainViewController.m in Sources */ = {isa = PBXBuildFile; fileRef = B0268950191F834B0005CE52 /* CurtainViewController.m */; };
		B0268953191F834B0005CE52 /* CurtainViewController.xib in Resources */ = {isa = PBXBuildFile; fileRef = B0268951191F834B0005CE52 /* CurtainViewController.xib */; };
		B0268957191F83610005CE52 /* TVViewController.m in Sources */ = {isa = PBXBuildFile; fileRef = B0268955191F83610005CE52 /* TVViewController.m */; };
		B0268958191F83610005CE52 /* TVViewController.xib in Resources */ = {isa = PBXBuildFile; fileRef = B0268956191F83610005CE52 /* TVViewController.xib */; };
		B026895C191F83850005CE52 /* SocViewController.m in Sources */ = {isa = PBXBuildFile; fileRef = B026895A191F83850005CE52 /* SocViewController.m */; };
		B026895D191F83850005CE52 /* SocViewController.xib in Resources */ = {isa = PBXBuildFile; fileRef = B026895B191F83850005CE52 /* SocViewController.xib */; };
		B0268961191F83DA0005CE52 /* AirconViewController.m in Sources */ = {isa = PBXBuildFile; fileRef = B026895F191F83DA0005CE52 /* AirconViewController.m */; };
		B0268962191F83DA0005CE52 /* AirconViewController.xib in Resources */ = {isa = PBXBuildFile; fileRef = B0268960191F83DA0005CE52 /* AirconViewController.xib */; };
		B032C6411924C34F00C08402 /* RoomsAddViewController.m in Sources */ = {isa = PBXBuildFile; fileRef = B032C63F1924C34F00C08402 /* RoomsAddViewController.m */; };
		B032C6421924C34F00C08402 /* RoomsAddViewController.xib in Resources */ = {isa = PBXBuildFile; fileRef = B032C6401924C34F00C08402 /* RoomsAddViewController.xib */; };
		B032C6521924C42400C08402 /* FMDatabase+InMemoryOnDiskIO.m in Sources */ = {isa = PBXBuildFile; fileRef = B032C6461924C42400C08402 /* FMDatabase+InMemoryOnDiskIO.m */; };
		B032C6531924C42400C08402 /* FMDatabase.m in Sources */ = {isa = PBXBuildFile; fileRef = B032C6491924C42400C08402 /* FMDatabase.m */; };
		B032C6541924C42400C08402 /* FMDatabaseAdditions.m in Sources */ = {isa = PBXBuildFile; fileRef = B032C64B1924C42400C08402 /* FMDatabaseAdditions.m */; };
		B032C6551924C42400C08402 /* FMDatabasePool.m in Sources */ = {isa = PBXBuildFile; fileRef = B032C64D1924C42400C08402 /* FMDatabasePool.m */; };
		B032C6561924C42400C08402 /* FMDatabaseQueue.m in Sources */ = {isa = PBXBuildFile; fileRef = B032C64F1924C42400C08402 /* FMDatabaseQueue.m */; };
		B032C6571924C42400C08402 /* FMResultSet.m in Sources */ = {isa = PBXBuildFile; fileRef = B032C6511924C42400C08402 /* FMResultSet.m */; };
		B032C6651924C43100C08402 /* LKDB+Manager.m in Sources */ = {isa = PBXBuildFile; fileRef = B032C65A1924C43100C08402 /* LKDB+Manager.m */; };
		B032C6661924C43100C08402 /* LKDB+Mapping.m in Sources */ = {isa = PBXBuildFile; fileRef = B032C65C1924C43100C08402 /* LKDB+Mapping.m */; };
		B032C6671924C43100C08402 /* LKDBHelper.m in Sources */ = {isa = PBXBuildFile; fileRef = B032C65E1924C43100C08402 /* LKDBHelper.m */; };
		B032C6681924C43100C08402 /* LKDBUtils.m in Sources */ = {isa = PBXBuildFile; fileRef = B032C6601924C43100C08402 /* LKDBUtils.m */; };
		B032C6691924C43100C08402 /* NSObject+LKDBHelper.m in Sources */ = {isa = PBXBuildFile; fileRef = B032C6621924C43100C08402 /* NSObject+LKDBHelper.m */; };
		B032C66A1924C43100C08402 /* NSObject+LKModel.m in Sources */ = {isa = PBXBuildFile; fileRef = B032C6641924C43100C08402 /* NSObject+LKModel.m */; };
		B0850F69192601170047419F /* libsqlite3.dylib in Frameworks */ = {isa = PBXBuildFile; fileRef = B0850F68192601170047419F /* libsqlite3.dylib */; };
		B0850F6C192605380047419F /* roomModel.m in Sources */ = {isa = PBXBuildFile; fileRef = B0850F6B192605380047419F /* roomModel.m */; };
		B0850F6F192605510047419F /* deviceModel.m in Sources */ = {isa = PBXBuildFile; fileRef = B0850F6E192605510047419F /* deviceModel.m */; };
		B0850F72192605630047419F /* commandModel.m in Sources */ = {isa = PBXBuildFile; fileRef = B0850F71192605630047419F /* commandModel.m */; };
		B0850F751926057A0047419F /* scenaryModel.m in Sources */ = {isa = PBXBuildFile; fileRef = B0850F741926057A0047419F /* scenaryModel.m */; };
		B090E251192B794100934BFB /* NEWLOGO -Highlight.png in Resources */ = {isa = PBXBuildFile; fileRef = B090E246192B794100934BFB /* NEWLOGO -Highlight.png */; };
		B090E252192B794100934BFB /* NEWLOGO -Highlight29.png in Resources */ = {isa = PBXBuildFile; fileRef = B090E247192B794100934BFB /* NEWLOGO -Highlight29.png */; };
		B090E253192B794100934BFB /* NEWLOGO -Highlight40.png in Resources */ = {isa = PBXBuildFile; fileRef = B090E248192B794100934BFB /* NEWLOGO -Highlight40.png */; };
		B090E254192B794100934BFB /* NEWLOGO -Highlight58.png in Resources */ = {isa = PBXBuildFile; fileRef = B090E249192B794100934BFB /* NEWLOGO -Highlight58.png */; };
		B090E255192B794100934BFB /* NEWLOGO -Highlight76.png in Resources */ = {isa = PBXBuildFile; fileRef = B090E24A192B794100934BFB /* NEWLOGO -Highlight76.png */; };
		B090E256192B794100934BFB /* NEWLOGO -Highlight80.png in Resources */ = {isa = PBXBuildFile; fileRef = B090E24B192B794100934BFB /* NEWLOGO -Highlight80.png */; };
		B090E257192B794100934BFB /* NEWLOGO -Highlight120.png in Resources */ = {isa = PBXBuildFile; fileRef = B090E24C192B794100934BFB /* NEWLOGO -Highlight120.png */; };
		B090E258192B794100934BFB /* NEWLOGO -Highlight152.png in Resources */ = {isa = PBXBuildFile; fileRef = B090E24D192B794100934BFB /* NEWLOGO -Highlight152.png */; };
		B090E259192B794100934BFB /* NEWLOGO -Highlight156.png in Resources */ = {isa = PBXBuildFile; fileRef = B090E24E192B794100934BFB /* NEWLOGO -Highlight156.png */; };
		B090E25A192B794100934BFB /* NEWLOGO -Highlight1024.png in Resources */ = {isa = PBXBuildFile; fileRef = B090E24F192B794100934BFB /* NEWLOGO -Highlight1024.png */; };
		B090E25B192B794100934BFB /* TurnOFFImage1.png in Resources */ = {isa = PBXBuildFile; fileRef = B090E250192B794100934BFB /* TurnOFFImage1.png */; };
		B0B8D64E192CBEC4009743B6 /* RoomsDetailViewController.m in Sources */ = {isa = PBXBuildFile; fileRef = B0B8D64C192CBEC4009743B6 /* RoomsDetailViewController.m */; };
		B0B8D64F192CBEC4009743B6 /* RoomsDetailViewController.xib in Resources */ = {isa = PBXBuildFile; fileRef = B0B8D64D192CBEC4009743B6 /* RoomsDetailViewController.xib */; };
		B0F6EE3A19387C3500A114E1 /* ScenaryAddCommandViewController.m in Sources */ = {isa = PBXBuildFile; fileRef = B0F6EE3819387C3500A114E1 /* ScenaryAddCommandViewController.m */; };
		B0F6EE3B19387C3500A114E1 /* ScenaryAddCommandViewController.xib in Resources */ = {isa = PBXBuildFile; fileRef = B0F6EE3919387C3500A114E1 /* ScenaryAddCommandViewController.xib */; };
		B0F6EE3F193892EF00A114E1 /* RoomsAddDevViewController.m in Sources */ = {isa = PBXBuildFile; fileRef = B0F6EE3D193892EF00A114E1 /* RoomsAddDevViewController.m */; };
		B0F6EE40193892EF00A114E1 /* RoomsAddDevViewController.xib in Resources */ = {isa = PBXBuildFile; fileRef = B0F6EE3E193892EF00A114E1 /* RoomsAddDevViewController.xib */; };
/* End PBXBuildFile section */

/* Begin PBXFileReference section */
		B02688B7191F77460005CE52 /* XHomeDemo.app */ = {isa = PBXFileReference; explicitFileType = wrapper.application; includeInIndex = 0; path = XHomeDemo.app; sourceTree = BUILT_PRODUCTS_DIR; };
		B02688BA191F77460005CE52 /* Foundation.framework */ = {isa = PBXFileReference; lastKnownFileType = wrapper.framework; name = Foundation.framework; path = System/Library/Frameworks/Foundation.framework; sourceTree = SDKROOT; };
		B02688BC191F77460005CE52 /* CoreGraphics.framework */ = {isa = PBXFileReference; lastKnownFileType = wrapper.framework; name = CoreGraphics.framework; path = System/Library/Frameworks/CoreGraphics.framework; sourceTree = SDKROOT; };
		B02688BE191F77460005CE52 /* UIKit.framework */ = {isa = PBXFileReference; lastKnownFileType = wrapper.framework; name = UIKit.framework; path = System/Library/Frameworks/UIKit.framework; sourceTree = SDKROOT; };
		B02688C2191F77460005CE52 /* XHomeDemo-Info.plist */ = {isa = PBXFileReference; lastKnownFileType = text.plist.xml; path = "XHomeDemo-Info.plist"; sourceTree = "<group>"; };
		B02688C4191F77460005CE52 /* en */ = {isa = PBXFileReference; lastKnownFileType = text.plist.strings; name = en; path = en.lproj/InfoPlist.strings; sourceTree = "<group>"; };
		B02688C6191F77460005CE52 /* main.m */ = {isa = PBXFileReference; lastKnownFileType = sourcecode.c.objc; path = main.m; sourceTree = "<group>"; };
		B02688C8191F77460005CE52 /* XHomeDemo-Prefix.pch */ = {isa = PBXFileReference; lastKnownFileType = sourcecode.c.h; path = "XHomeDemo-Prefix.pch"; sourceTree = "<group>"; };
		B02688CD191F77470005CE52 /* Base */ = {isa = PBXFileReference; lastKnownFileType = file.storyboard; name = Base; path = Base.lproj/Main_iPhone.storyboard; sourceTree = "<group>"; };
		B02688D0191F77470005CE52 /* Base */ = {isa = PBXFileReference; lastKnownFileType = file.storyboard; name = Base; path = Base.lproj/Main_iPad.storyboard; sourceTree = "<group>"; };
		B02688D5191F77470005CE52 /* Images.xcassets */ = {isa = PBXFileReference; lastKnownFileType = folder.assetcatalog; path = Images.xcassets; sourceTree = "<group>"; };
		B02688DC191F77470005CE52 /* XCTest.framework */ = {isa = PBXFileReference; lastKnownFileType = wrapper.framework; name = XCTest.framework; path = Library/Frameworks/XCTest.framework; sourceTree = DEVELOPER_DIR; };
		B02688FA191F79670005CE52 /* deviceTable.h */ = {isa = PBXFileReference; fileEncoding = 4; lastKnownFileType = sourcecode.c.h; name = deviceTable.h; path = data/db/deviceTable.h; sourceTree = "<group>"; };
		B02688FB191F79670005CE52 /* deviceTable.m */ = {isa = PBXFileReference; fileEncoding = 4; lastKnownFileType = sourcecode.c.objc; name = deviceTable.m; path = data/db/deviceTable.m; sourceTree = "<group>"; };
		B02688FE191F7DA80005CE52 /* AppDelegate.h */ = {isa = PBXFileReference; fileEncoding = 4; lastKnownFileType = sourcecode.c.h; name = AppDelegate.h; path = view/AppDelegate.h; sourceTree = "<group>"; };
		B02688FF191F7DA80005CE52 /* AppDelegate.m */ = {isa = PBXFileReference; fileEncoding = 4; lastKnownFileType = sourcecode.c.objc; name = AppDelegate.m; path = view/AppDelegate.m; sourceTree = "<group>"; };
		B0268900191F7DA80005CE52 /* ViewController.h */ = {isa = PBXFileReference; fileEncoding = 4; lastKnownFileType = sourcecode.c.h; name = ViewController.h; path = view/ViewController.h; sourceTree = "<group>"; };
		B0268901191F7DA80005CE52 /* ViewController.m */ = {isa = PBXFileReference; fileEncoding = 4; lastKnownFileType = sourcecode.c.objc; name = ViewController.m; path = view/ViewController.m; sourceTree = "<group>"; };
		B0268904191F7DE70005CE52 /* scenaryTable.h */ = {isa = PBXFileReference; fileEncoding = 4; lastKnownFileType = sourcecode.c.h; name = scenaryTable.h; path = data/db/scenaryTable.h; sourceTree = "<group>"; };
		B0268905191F7DE70005CE52 /* scenaryTable.m */ = {isa = PBXFileReference; fileEncoding = 4; lastKnownFileType = sourcecode.c.objc; name = scenaryTable.m; path = data/db/scenaryTable.m; sourceTree = "<group>"; };
		B0268907191F7DFC0005CE52 /* roomTable.h */ = {isa = PBXFileReference; fileEncoding = 4; lastKnownFileType = sourcecode.c.h; name = roomTable.h; path = data/db/roomTable.h; sourceTree = "<group>"; };
		B0268908191F7DFC0005CE52 /* roomTable.m */ = {isa = PBXFileReference; fileEncoding = 4; lastKnownFileType = sourcecode.c.objc; name = roomTable.m; path = data/db/roomTable.m; sourceTree = "<group>"; };
		B026890A191F7E2C0005CE52 /* commandTable.h */ = {isa = PBXFileReference; fileEncoding = 4; lastKnownFileType = sourcecode.c.h; name = commandTable.h; path = data/db/commandTable.h; sourceTree = "<group>"; };
		B026890B191F7E2C0005CE52 /* commandTable.m */ = {isa = PBXFileReference; fileEncoding = 4; lastKnownFileType = sourcecode.c.objc; name = commandTable.m; path = data/db/commandTable.m; sourceTree = "<group>"; };
		B026890D191F7E740005CE52 /* deviceSource.h */ = {isa = PBXFileReference; fileEncoding = 4; lastKnownFileType = sourcecode.c.h; name = deviceSource.h; path = data/cache/deviceSource.h; sourceTree = "<group>"; };
		B026890E191F7E740005CE52 /* deviceSource.m */ = {isa = PBXFileReference; fileEncoding = 4; lastKnownFileType = sourcecode.c.objc; name = deviceSource.m; path = data/cache/deviceSource.m; sourceTree = "<group>"; };
		B0268910191F7E920005CE52 /* roomSource.h */ = {isa = PBXFileReference; fileEncoding = 4; lastKnownFileType = sourcecode.c.h; name = roomSource.h; path = data/cache/roomSource.h; sourceTree = "<group>"; };
		B0268911191F7E920005CE52 /* roomSource.m */ = {isa = PBXFileReference; fileEncoding = 4; lastKnownFileType = sourcecode.c.objc; name = roomSource.m; path = data/cache/roomSource.m; sourceTree = "<group>"; };
		B0268913191F7EA80005CE52 /* scenarySource.h */ = {isa = PBXFileReference; fileEncoding = 4; lastKnownFileType = sourcecode.c.h; name = scenarySource.h; path = data/cache/scenarySource.h; sourceTree = "<group>"; };
		B0268914191F7EA80005CE52 /* scenarySource.m */ = {isa = PBXFileReference; fileEncoding = 4; lastKnownFileType = sourcecode.c.objc; name = scenarySource.m; path = data/cache/scenarySource.m; sourceTree = "<group>"; };
		B0268916191F7EBD0005CE52 /* commandSource.h */ = {isa = PBXFileReference; fileEncoding = 4; lastKnownFileType = sourcecode.c.h; name = commandSource.h; path = data/cache/commandSource.h; sourceTree = "<group>"; };
		B0268917191F7EBD0005CE52 /* commandSource.m */ = {isa = PBXFileReference; fileEncoding = 4; lastKnownFileType = sourcecode.c.objc; name = commandSource.m; path = data/cache/commandSource.m; sourceTree = "<group>"; };
		B0268925191F7F4E0005CE52 /* deviceMgr.h */ = {isa = PBXFileReference; fileEncoding = 4; lastKnownFileType = sourcecode.c.h; name = deviceMgr.h; path = logic/deviceMgr.h; sourceTree = "<group>"; };
		B0268926191F7F4E0005CE52 /* deviceMgr.m */ = {isa = PBXFileReference; fileEncoding = 4; lastKnownFileType = sourcecode.c.objc; name = deviceMgr.m; path = logic/deviceMgr.m; sourceTree = "<group>"; };
		B0268928191F7F5F0005CE52 /* roomMgr.h */ = {isa = PBXFileReference; fileEncoding = 4; lastKnownFileType = sourcecode.c.h; name = roomMgr.h; path = logic/roomMgr.h; sourceTree = "<group>"; };
		B0268929191F7F5F0005CE52 /* roomMgr.m */ = {isa = PBXFileReference; fileEncoding = 4; lastKnownFileType = sourcecode.c.objc; name = roomMgr.m; path = logic/roomMgr.m; sourceTree = "<group>"; };
		B026892B191F7F710005CE52 /* scenaryMgr.h */ = {isa = PBXFileReference; fileEncoding = 4; lastKnownFileType = sourcecode.c.h; name = scenaryMgr.h; path = logic/scenaryMgr.h; sourceTree = "<group>"; };
		B026892C191F7F710005CE52 /* scenaryMgr.m */ = {isa = PBXFileReference; fileEncoding = 4; lastKnownFileType = sourcecode.c.objc; name = scenaryMgr.m; path = logic/scenaryMgr.m; sourceTree = "<group>"; };
		B026892E191F7F880005CE52 /* commandMgr.h */ = {isa = PBXFileReference; fileEncoding = 4; lastKnownFileType = sourcecode.c.h; path = commandMgr.h; sourceTree = "<group>"; };
		B026892F191F7F880005CE52 /* commandMgr.m */ = {isa = PBXFileReference; fileEncoding = 4; lastKnownFileType = sourcecode.c.objc; path = commandMgr.m; sourceTree = "<group>"; };
		B0268931191F80770005CE52 /* RoomsViewController.h */ = {isa = PBXFileReference; fileEncoding = 4; lastKnownFileType = sourcecode.c.h; name = RoomsViewController.h; path = view/RoomsViewController.h; sourceTree = "<group>"; };
		B0268932191F80770005CE52 /* RoomsViewController.m */ = {isa = PBXFileReference; fileEncoding = 4; lastKnownFileType = sourcecode.c.objc; name = RoomsViewController.m; path = view/RoomsViewController.m; sourceTree = "<group>"; };
		B0268933191F80770005CE52 /* RoomsViewController.xib */ = {isa = PBXFileReference; fileEncoding = 4; lastKnownFileType = file.xib; name = RoomsViewController.xib; path = view/RoomsViewController.xib; sourceTree = "<group>"; };
		B0268936191F80D80005CE52 /* ScenaryViewController.h */ = {isa = PBXFileReference; fileEncoding = 4; lastKnownFileType = sourcecode.c.h; name = ScenaryViewController.h; path = view/ScenaryViewController.h; sourceTree = "<group>"; };
		B0268937191F80D80005CE52 /* ScenaryViewController.m */ = {isa = PBXFileReference; fileEncoding = 4; lastKnownFileType = sourcecode.c.objc; name = ScenaryViewController.m; path = view/ScenaryViewController.m; sourceTree = "<group>"; };
		B0268938191F80D80005CE52 /* ScenaryViewController.xib */ = {isa = PBXFileReference; fileEncoding = 4; lastKnownFileType = file.xib; name = ScenaryViewController.xib; path = view/ScenaryViewController.xib; sourceTree = "<group>"; };
		B026893B191F82A40005CE52 /* SetViewController.h */ = {isa = PBXFileReference; fileEncoding = 4; lastKnownFileType = sourcecode.c.h; name = SetViewController.h; path = view/SetViewController.h; sourceTree = "<group>"; };
		B026893C191F82A40005CE52 /* SetViewController.m */ = {isa = PBXFileReference; fileEncoding = 4; lastKnownFileType = sourcecode.c.objc; name = SetViewController.m; path = view/SetViewController.m; sourceTree = "<group>"; };
		B026893D191F82A40005CE52 /* SetViewController.xib */ = {isa = PBXFileReference; fileEncoding = 4; lastKnownFileType = file.xib; name = SetViewController.xib; path = view/SetViewController.xib; sourceTree = "<group>"; };
		B0268940191F82D50005CE52 /* AddDevViewController.h */ = {isa = PBXFileReference; fileEncoding = 4; lastKnownFileType = sourcecode.c.h; name = AddDevViewController.h; path = view/AddDevViewController.h; sourceTree = "<group>"; };
		B0268941191F82D50005CE52 /* AddDevViewController.m */ = {isa = PBXFileReference; fileEncoding = 4; lastKnownFileType = sourcecode.c.objc; name = AddDevViewController.m; path = view/AddDevViewController.m; sourceTree = "<group>"; };
		B0268942191F82D50005CE52 /* AddDevViewController.xib */ = {isa = PBXFileReference; fileEncoding = 4; lastKnownFileType = file.xib; name = AddDevViewController.xib; path = view/AddDevViewController.xib; sourceTree = "<group>"; };
		B0268945191F82FE0005CE52 /* LampViewController.h */ = {isa = PBXFileReference; fileEncoding = 4; lastKnownFileType = sourcecode.c.h; name = LampViewController.h; path = view/LampViewController.h; sourceTree = "<group>"; };
		B0268946191F82FE0005CE52 /* LampViewController.m */ = {isa = PBXFileReference; fileEncoding = 4; lastKnownFileType = sourcecode.c.objc; name = LampViewController.m; path = view/LampViewController.m; sourceTree = "<group>"; };
		B0268947191F82FE0005CE52 /* LampViewController.xib */ = {isa = PBXFileReference; fileEncoding = 4; lastKnownFileType = file.xib; name = LampViewController.xib; path = view/LampViewController.xib; sourceTree = "<group>"; };
		B026894A191F832C0005CE52 /* WebcamViewController.h */ = {isa = PBXFileReference; fileEncoding = 4; lastKnownFileType = sourcecode.c.h; name = WebcamViewController.h; path = view/WebcamViewController.h; sourceTree = "<group>"; };
		B026894B191F832D0005CE52 /* WebcamViewController.m */ = {isa = PBXFileReference; fileEncoding = 4; lastKnownFileType = sourcecode.c.objc; name = WebcamViewController.m; path = view/WebcamViewController.m; sourceTree = "<group>"; };
		B026894C191F832D0005CE52 /* WebcamViewController.xib */ = {isa = PBXFileReference; fileEncoding = 4; lastKnownFileType = file.xib; name = WebcamViewController.xib; path = view/WebcamViewController.xib; sourceTree = "<group>"; };
		B026894F191F834B0005CE52 /* CurtainViewController.h */ = {isa = PBXFileReference; fileEncoding = 4; lastKnownFileType = sourcecode.c.h; name = CurtainViewController.h; path = view/CurtainViewController.h; sourceTree = "<group>"; };
		B0268950191F834B0005CE52 /* CurtainViewController.m */ = {isa = PBXFileReference; fileEncoding = 4; lastKnownFileType = sourcecode.c.objc; name = CurtainViewController.m; path = view/CurtainViewController.m; sourceTree = "<group>"; };
		B0268951191F834B0005CE52 /* CurtainViewController.xib */ = {isa = PBXFileReference; fileEncoding = 4; lastKnownFileType = file.xib; name = CurtainViewController.xib; path = view/CurtainViewController.xib; sourceTree = "<group>"; };
		B0268954191F83610005CE52 /* TVViewController.h */ = {isa = PBXFileReference; fileEncoding = 4; lastKnownFileType = sourcecode.c.h; name = TVViewController.h; path = view/TVViewController.h; sourceTree = "<group>"; };
		B0268955191F83610005CE52 /* TVViewController.m */ = {isa = PBXFileReference; fileEncoding = 4; lastKnownFileType = sourcecode.c.objc; name = TVViewController.m; path = view/TVViewController.m; sourceTree = "<group>"; };
		B0268956191F83610005CE52 /* TVViewController.xib */ = {isa = PBXFileReference; fileEncoding = 4; lastKnownFileType = file.xib; name = TVViewController.xib; path = view/TVViewController.xib; sourceTree = "<group>"; };
		B0268959191F83850005CE52 /* SocViewController.h */ = {isa = PBXFileReference; fileEncoding = 4; lastKnownFileType = sourcecode.c.h; name = SocViewController.h; path = view/SocViewController.h; sourceTree = "<group>"; };
		B026895A191F83850005CE52 /* SocViewController.m */ = {isa = PBXFileReference; fileEncoding = 4; lastKnownFileType = sourcecode.c.objc; name = SocViewController.m; path = view/SocViewController.m; sourceTree = "<group>"; };
		B026895B191F83850005CE52 /* SocViewController.xib */ = {isa = PBXFileReference; fileEncoding = 4; lastKnownFileType = file.xib; name = SocViewController.xib; path = view/SocViewController.xib; sourceTree = "<group>"; };
		B026895E191F83D90005CE52 /* AirconViewController.h */ = {isa = PBXFileReference; fileEncoding = 4; lastKnownFileType = sourcecode.c.h; name = AirconViewController.h; path = view/AirconViewController.h; sourceTree = "<group>"; };
		B026895F191F83DA0005CE52 /* AirconViewController.m */ = {isa = PBXFileReference; fileEncoding = 4; lastKnownFileType = sourcecode.c.objc; name = AirconViewController.m; path = view/AirconViewController.m; sourceTree = "<group>"; };
		B0268960191F83DA0005CE52 /* AirconViewController.xib */ = {isa = PBXFileReference; fileEncoding = 4; lastKnownFileType = file.xib; name = AirconViewController.xib; path = view/AirconViewController.xib; sourceTree = "<group>"; };
		B032C63E1924C34F00C08402 /* RoomsAddViewController.h */ = {isa = PBXFileReference; fileEncoding = 4; lastKnownFileType = sourcecode.c.h; name = RoomsAddViewController.h; path = view/RoomsAddViewController.h; sourceTree = "<group>"; };
		B032C63F1924C34F00C08402 /* RoomsAddViewController.m */ = {isa = PBXFileReference; fileEncoding = 4; lastKnownFileType = sourcecode.c.objc; name = RoomsAddViewController.m; path = view/RoomsAddViewController.m; sourceTree = "<group>"; };
		B032C6401924C34F00C08402 /* RoomsAddViewController.xib */ = {isa = PBXFileReference; fileEncoding = 4; lastKnownFileType = file.xib; name = RoomsAddViewController.xib; path = view/RoomsAddViewController.xib; sourceTree = "<group>"; };
		B032C6451924C42400C08402 /* FMDatabase+InMemoryOnDiskIO.h */ = {isa = PBXFileReference; fileEncoding = 4; lastKnownFileType = sourcecode.c.h; path = "FMDatabase+InMemoryOnDiskIO.h"; sourceTree = "<group>"; };
		B032C6461924C42400C08402 /* FMDatabase+InMemoryOnDiskIO.m */ = {isa = PBXFileReference; fileEncoding = 4; lastKnownFileType = sourcecode.c.objc; path = "FMDatabase+InMemoryOnDiskIO.m"; sourceTree = "<group>"; };
		B032C6481924C42400C08402 /* FMDatabase.h */ = {isa = PBXFileReference; fileEncoding = 4; lastKnownFileType = sourcecode.c.h; path = FMDatabase.h; sourceTree = "<group>"; };
		B032C6491924C42400C08402 /* FMDatabase.m */ = {isa = PBXFileReference; fileEncoding = 4; lastKnownFileType = sourcecode.c.objc; path = FMDatabase.m; sourceTree = "<group>"; };
		B032C64A1924C42400C08402 /* FMDatabaseAdditions.h */ = {isa = PBXFileReference; fileEncoding = 4; lastKnownFileType = sourcecode.c.h; path = FMDatabaseAdditions.h; sourceTree = "<group>"; };
		B032C64B1924C42400C08402 /* FMDatabaseAdditions.m */ = {isa = PBXFileReference; fileEncoding = 4; lastKnownFileType = sourcecode.c.objc; path = FMDatabaseAdditions.m; sourceTree = "<group>"; };
		B032C64C1924C42400C08402 /* FMDatabasePool.h */ = {isa = PBXFileReference; fileEncoding = 4; lastKnownFileType = sourcecode.c.h; path = FMDatabasePool.h; sourceTree = "<group>"; };
		B032C64D1924C42400C08402 /* FMDatabasePool.m */ = {isa = PBXFileReference; fileEncoding = 4; lastKnownFileType = sourcecode.c.objc; path = FMDatabasePool.m; sourceTree = "<group>"; };
		B032C64E1924C42400C08402 /* FMDatabaseQueue.h */ = {isa = PBXFileReference; fileEncoding = 4; lastKnownFileType = sourcecode.c.h; path = FMDatabaseQueue.h; sourceTree = "<group>"; };
		B032C64F1924C42400C08402 /* FMDatabaseQueue.m */ = {isa = PBXFileReference; fileEncoding = 4; lastKnownFileType = sourcecode.c.objc; path = FMDatabaseQueue.m; sourceTree = "<group>"; };
		B032C6501924C42400C08402 /* FMResultSet.h */ = {isa = PBXFileReference; fileEncoding = 4; lastKnownFileType = sourcecode.c.h; path = FMResultSet.h; sourceTree = "<group>"; };
		B032C6511924C42400C08402 /* FMResultSet.m */ = {isa = PBXFileReference; fileEncoding = 4; lastKnownFileType = sourcecode.c.objc; path = FMResultSet.m; sourceTree = "<group>"; };
		B032C6591924C43100C08402 /* LKDB+Manager.h */ = {isa = PBXFileReference; fileEncoding = 4; lastKnownFileType = sourcecode.c.h; path = "LKDB+Manager.h"; sourceTree = "<group>"; };
		B032C65A1924C43100C08402 /* LKDB+Manager.m */ = {isa = PBXFileReference; fileEncoding = 4; lastKnownFileType = sourcecode.c.objc; path = "LKDB+Manager.m"; sourceTree = "<group>"; };
		B032C65B1924C43100C08402 /* LKDB+Mapping.h */ = {isa = PBXFileReference; fileEncoding = 4; lastKnownFileType = sourcecode.c.h; path = "LKDB+Mapping.h"; sourceTree = "<group>"; };
		B032C65C1924C43100C08402 /* LKDB+Mapping.m */ = {isa = PBXFileReference; fileEncoding = 4; lastKnownFileType = sourcecode.c.objc; path = "LKDB+Mapping.m"; sourceTree = "<group>"; };
		B032C65D1924C43100C08402 /* LKDBHelper.h */ = {isa = PBXFileReference; fileEncoding = 4; lastKnownFileType = sourcecode.c.h; path = LKDBHelper.h; sourceTree = "<group>"; };
		B032C65E1924C43100C08402 /* LKDBHelper.m */ = {isa = PBXFileReference; fileEncoding = 4; lastKnownFileType = sourcecode.c.objc; path = LKDBHelper.m; sourceTree = "<group>"; };
		B032C65F1924C43100C08402 /* LKDBUtils.h */ = {isa = PBXFileReference; fileEncoding = 4; lastKnownFileType = sourcecode.c.h; path = LKDBUtils.h; sourceTree = "<group>"; };
		B032C6601924C43100C08402 /* LKDBUtils.m */ = {isa = PBXFileReference; fileEncoding = 4; lastKnownFileType = sourcecode.c.objc; path = LKDBUtils.m; sourceTree = "<group>"; };
		B032C6611924C43100C08402 /* NSObject+LKDBHelper.h */ = {isa = PBXFileReference; fileEncoding = 4; lastKnownFileType = sourcecode.c.h; path = "NSObject+LKDBHelper.h"; sourceTree = "<group>"; };
		B032C6621924C43100C08402 /* NSObject+LKDBHelper.m */ = {isa = PBXFileReference; fileEncoding = 4; lastKnownFileType = sourcecode.c.objc; path = "NSObject+LKDBHelper.m"; sourceTree = "<group>"; };
		B032C6631924C43100C08402 /* NSObject+LKModel.h */ = {isa = PBXFileReference; fileEncoding = 4; lastKnownFileType = sourcecode.c.h; path = "NSObject+LKModel.h"; sourceTree = "<group>"; };
		B032C6641924C43100C08402 /* NSObject+LKModel.m */ = {isa = PBXFileReference; fileEncoding = 4; lastKnownFileType = sourcecode.c.objc; path = "NSObject+LKModel.m"; sourceTree = "<group>"; };
		B0850F68192601170047419F /* libsqlite3.dylib */ = {isa = PBXFileReference; lastKnownFileType = "compiled.mach-o.dylib"; name = libsqlite3.dylib; path = usr/lib/libsqlite3.dylib; sourceTree = SDKROOT; };
		B0850F6A192605380047419F /* roomModel.h */ = {isa = PBXFileReference; fileEncoding = 4; lastKnownFileType = sourcecode.c.h; name = roomModel.h; path = data/model/roomModel.h; sourceTree = "<group>"; };
		B0850F6B192605380047419F /* roomModel.m */ = {isa = PBXFileReference; fileEncoding = 4; lastKnownFileType = sourcecode.c.objc; name = roomModel.m; path = data/model/roomModel.m; sourceTree = "<group>"; };
		B0850F6D192605510047419F /* deviceModel.h */ = {isa = PBXFileReference; fileEncoding = 4; lastKnownFileType = sourcecode.c.h; name = deviceModel.h; path = data/model/deviceModel.h; sourceTree = "<group>"; };
		B0850F6E192605510047419F /* deviceModel.m */ = {isa = PBXFileReference; fileEncoding = 4; lastKnownFileType = sourcecode.c.objc; name = deviceModel.m; path = data/model/deviceModel.m; sourceTree = "<group>"; };
		B0850F70192605630047419F /* commandModel.h */ = {isa = PBXFileReference; fileEncoding = 4; lastKnownFileType = sourcecode.c.h; name = commandModel.h; path = data/model/commandModel.h; sourceTree = "<group>"; };
		B0850F71192605630047419F /* commandModel.m */ = {isa = PBXFileReference; fileEncoding = 4; lastKnownFileType = sourcecode.c.objc; name = commandModel.m; path = data/model/commandModel.m; sourceTree = "<group>"; };
		B0850F731926057A0047419F /* scenaryModel.h */ = {isa = PBXFileReference; fileEncoding = 4; lastKnownFileType = sourcecode.c.h; name = scenaryModel.h; path = data/model/scenaryModel.h; sourceTree = "<group>"; };
		B0850F741926057A0047419F /* scenaryModel.m */ = {isa = PBXFileReference; fileEncoding = 4; lastKnownFileType = sourcecode.c.objc; name = scenaryModel.m; path = data/model/scenaryModel.m; sourceTree = "<group>"; };
		B090E231192B30B200934BFB /* ButtonTagDef.h */ = {isa = PBXFileReference; lastKnownFileType = sourcecode.c.h; path = ButtonTagDef.h; sourceTree = "<group>"; };
		B090E246192B794100934BFB /* NEWLOGO -Highlight.png */ = {isa = PBXFileReference; lastKnownFileType = image.png; name = "NEWLOGO -Highlight.png"; path = "images/icon/NEWLOGO -Highlight.png"; sourceTree = "<group>"; };
		B090E247192B794100934BFB /* NEWLOGO -Highlight29.png */ = {isa = PBXFileReference; lastKnownFileType = image.png; name = "NEWLOGO -Highlight29.png"; path = "images/icon/NEWLOGO -Highlight29.png"; sourceTree = "<group>"; };
		B090E248192B794100934BFB /* NEWLOGO -Highlight40.png */ = {isa = PBXFileReference; lastKnownFileType = image.png; name = "NEWLOGO -Highlight40.png"; path = "images/icon/NEWLOGO -Highlight40.png"; sourceTree = "<group>"; };
		B090E249192B794100934BFB /* NEWLOGO -Highlight58.png */ = {isa = PBXFileReference; lastKnownFileType = image.png; name = "NEWLOGO -Highlight58.png"; path = "images/icon/NEWLOGO -Highlight58.png"; sourceTree = "<group>"; };
		B090E24A192B794100934BFB /* NEWLOGO -Highlight76.png */ = {isa = PBXFileReference; lastKnownFileType = image.png; name = "NEWLOGO -Highlight76.png"; path = "images/icon/NEWLOGO -Highlight76.png"; sourceTree = "<group>"; };
		B090E24B192B794100934BFB /* NEWLOGO -Highlight80.png */ = {isa = PBXFileReference; lastKnownFileType = image.png; name = "NEWLOGO -Highlight80.png"; path = "images/icon/NEWLOGO -Highlight80.png"; sourceTree = "<group>"; };
		B090E24C192B794100934BFB /* NEWLOGO -Highlight120.png */ = {isa = PBXFileReference; lastKnownFileType = image.png; name = "NEWLOGO -Highlight120.png"; path = "images/icon/NEWLOGO -Highlight120.png"; sourceTree = "<group>"; };
		B090E24D192B794100934BFB /* NEWLOGO -Highlight152.png */ = {isa = PBXFileReference; lastKnownFileType = image.png; name = "NEWLOGO -Highlight152.png"; path = "images/icon/NEWLOGO -Highlight152.png"; sourceTree = "<group>"; };
		B090E24E192B794100934BFB /* NEWLOGO -Highlight156.png */ = {isa = PBXFileReference; lastKnownFileType = image.png; name = "NEWLOGO -Highlight156.png"; path = "images/icon/NEWLOGO -Highlight156.png"; sourceTree = "<group>"; };
		B090E24F192B794100934BFB /* NEWLOGO -Highlight1024.png */ = {isa = PBXFileReference; lastKnownFileType = image.png; name = "NEWLOGO -Highlight1024.png"; path = "images/icon/NEWLOGO -Highlight1024.png"; sourceTree = "<group>"; };
		B090E250192B794100934BFB /* TurnOFFImage1.png */ = {isa = PBXFileReference; lastKnownFileType = image.png; name = TurnOFFImage1.png; path = images/icon/TurnOFFImage1.png; sourceTree = "<group>"; };
		B0B8D64B192CBEC4009743B6 /* RoomsDetailViewController.h */ = {isa = PBXFileReference; fileEncoding = 4; lastKnownFileType = sourcecode.c.h; name = RoomsDetailViewController.h; path = view/RoomsDetailViewController.h; sourceTree = "<group>"; };
		B0B8D64C192CBEC4009743B6 /* RoomsDetailViewController.m */ = {isa = PBXFileReference; fileEncoding = 4; lastKnownFileType = sourcecode.c.objc; name = RoomsDetailViewController.m; path = view/RoomsDetailViewController.m; sourceTree = "<group>"; };
		B0B8D64D192CBEC4009743B6 /* RoomsDetailViewController.xib */ = {isa = PBXFileReference; fileEncoding = 4; lastKnownFileType = file.xib; name = RoomsDetailViewController.xib; path = view/RoomsDetailViewController.xib; sourceTree = "<group>"; };
		B0F6EE3719387C3500A114E1 /* ScenaryAddCommandViewController.h */ = {isa = PBXFileReference; fileEncoding = 4; lastKnownFileType = sourcecode.c.h; name = ScenaryAddCommandViewController.h; path = view/ScenaryAddCommandViewController.h; sourceTree = "<group>"; };
		B0F6EE3819387C3500A114E1 /* ScenaryAddCommandViewController.m */ = {isa = PBXFileReference; fileEncoding = 4; lastKnownFileType = sourcecode.c.objc; name = ScenaryAddCommandViewController.m; path = view/ScenaryAddCommandViewController.m; sourceTree = "<group>"; };
		B0F6EE3919387C3500A114E1 /* ScenaryAddCommandViewController.xib */ = {isa = PBXFileReference; fileEncoding = 4; lastKnownFileType = file.xib; name = ScenaryAddCommandViewController.xib; path = view/ScenaryAddCommandViewController.xib; sourceTree = "<group>"; };
		B0F6EE3C193892EF00A114E1 /* RoomsAddDevViewController.h */ = {isa = PBXFileReference; fileEncoding = 4; lastKnownFileType = sourcecode.c.h; name = RoomsAddDevViewController.h; path = view/RoomsAddDevViewController.h; sourceTree = "<group>"; };
		B0F6EE3D193892EF00A114E1 /* RoomsAddDevViewController.m */ = {isa = PBXFileReference; fileEncoding = 4; lastKnownFileType = sourcecode.c.objc; name = RoomsAddDevViewController.m; path = view/RoomsAddDevViewController.m; sourceTree = "<group>"; };
		B0F6EE3E193892EF00A114E1 /* RoomsAddDevViewController.xib */ = {isa = PBXFileReference; fileEncoding = 4; lastKnownFileType = file.xib; name = RoomsAddDevViewController.xib; path = view/RoomsAddDevViewController.xib; sourceTree = "<group>"; };
/* End PBXFileReference section */

/* Begin PBXFrameworksBuildPhase section */
		B02688B4191F77460005CE52 /* Frameworks */ = {
			isa = PBXFrameworksBuildPhase;
			buildActionMask = 2147483647;
			files = (
				B0850F69192601170047419F /* libsqlite3.dylib in Frameworks */,
				B02688BD191F77460005CE52 /* CoreGraphics.framework in Frameworks */,
				B02688BF191F77460005CE52 /* UIKit.framework in Frameworks */,
				B02688BB191F77460005CE52 /* Foundation.framework in Frameworks */,
			);
			runOnlyForDeploymentPostprocessing = 0;
		};
/* End PBXFrameworksBuildPhase section */

/* Begin PBXGroup section */
		B02688AE191F77460005CE52 = {
			isa = PBXGroup;
			children = (
				B02688C0191F77460005CE52 /* XHomeDemo */,
				B02688B9191F77460005CE52 /* Frameworks */,
				B02688B8191F77460005CE52 /* Products */,
			);
			sourceTree = "<group>";
		};
		B02688B8191F77460005CE52 /* Products */ = {
			isa = PBXGroup;
			children = (
				B02688B7191F77460005CE52 /* XHomeDemo.app */,
			);
			name = Products;
			sourceTree = "<group>";
		};
		B02688B9191F77460005CE52 /* Frameworks */ = {
			isa = PBXGroup;
			children = (
				B0850F68192601170047419F /* libsqlite3.dylib */,
				B02688BA191F77460005CE52 /* Foundation.framework */,
				B02688BC191F77460005CE52 /* CoreGraphics.framework */,
				B02688BE191F77460005CE52 /* UIKit.framework */,
				B02688DC191F77470005CE52 /* XCTest.framework */,
			);
			name = Frameworks;
			sourceTree = "<group>";
		};
		B02688C0191F77460005CE52 /* XHomeDemo */ = {
			isa = PBXGroup;
			children = (
				B02688F4191F785B0005CE52 /* view */,
				B02688F3191F78500005CE52 /* data */,
				B02688F5191F78630005CE52 /* logic */,
				B02688C1191F77460005CE52 /* Supporting Files */,
			);
			path = XHomeDemo;
			sourceTree = "<group>";
		};
		B02688C1191F77460005CE52 /* Supporting Files */ = {
			isa = PBXGroup;
			children = (
				B0850F67192600DE0047419F /* lib */,
				B02688F9191F78DE0005CE52 /* images */,
				B02688CC191F77470005CE52 /* Main_iPhone.storyboard */,
				B02688CF191F77470005CE52 /* Main_iPad.storyboard */,
				B02688D5191F77470005CE52 /* Images.xcassets */,
				B02688C2191F77460005CE52 /* XHomeDemo-Info.plist */,
				B02688C3191F77460005CE52 /* InfoPlist.strings */,
				B02688C6191F77460005CE52 /* main.m */,
				B02688C8191F77460005CE52 /* XHomeDemo-Prefix.pch */,
				B090E231192B30B200934BFB /* ButtonTagDef.h */,
			);
			name = "Supporting Files";
			sourceTree = "<group>";
		};
		B02688F3191F78500005CE52 /* data */ = {
			isa = PBXGroup;
			children = (
				B02688F8191F78B60005CE52 /* db */,
				B02688F6191F78940005CE52 /* model */,
				B02688F7191F78AA0005CE52 /* cache */,
			);
			name = data;
			sourceTree = "<group>";
		};
		B02688F4191F785B0005CE52 /* view */ = {
			isa = PBXGroup;
			children = (
				B07217ED1929FBA8009C1EDF /* rootView */,
				B07217EE1929FBC7009C1EDF /* roomsView */,
				B07217EF1929FBE5009C1EDF /* scenaryView */,
				B07217F01929FC1E009C1EDF /* lampView */,
				B07217F31929FC44009C1EDF /* tvView */,
				B07217F51929FC5C009C1EDF /* airconView */,
				B07217F41929FC50009C1EDF /* socView */,
				B07217F21929FC39009C1EDF /* curtainView */,
				B07217F11929FC2E009C1EDF /* webcamView */,
				B07217F71929FCC8009C1EDF /* addView */,
				B07217F61929FCC2009C1EDF /* setView */,
			);
			name = view;
			sourceTree = "<group>";
		};
		B02688F5191F78630005CE52 /* logic */ = {
			isa = PBXGroup;
			children = (
				B0268928191F7F5F0005CE52 /* roomMgr.h */,
				B0268929191F7F5F0005CE52 /* roomMgr.m */,
				B0268925191F7F4E0005CE52 /* deviceMgr.h */,
				B0268926191F7F4E0005CE52 /* deviceMgr.m */,
				B026892B191F7F710005CE52 /* scenaryMgr.h */,
				B026892C191F7F710005CE52 /* scenaryMgr.m */,
				B026892E191F7F880005CE52 /* commandMgr.h */,
				B026892F191F7F880005CE52 /* commandMgr.m */,
			);
			name = logic;
			sourceTree = "<group>";
		};
		B02688F6191F78940005CE52 /* model */ = {
			isa = PBXGroup;
			children = (
				B0850F6A192605380047419F /* roomModel.h */,
				B0850F6B192605380047419F /* roomModel.m */,
				B0850F6D192605510047419F /* deviceModel.h */,
				B0850F6E192605510047419F /* deviceModel.m */,
				B0850F731926057A0047419F /* scenaryModel.h */,
				B0850F741926057A0047419F /* scenaryModel.m */,
				B0850F70192605630047419F /* commandModel.h */,
				B0850F71192605630047419F /* commandModel.m */,
			);
			name = model;
			sourceTree = "<group>";
		};
		B02688F7191F78AA0005CE52 /* cache */ = {
			isa = PBXGroup;
			children = (
				B0268910191F7E920005CE52 /* roomSource.h */,
				B0268911191F7E920005CE52 /* roomSource.m */,
				B026890D191F7E740005CE52 /* deviceSource.h */,
				B026890E191F7E740005CE52 /* deviceSource.m */,
				B0268913191F7EA80005CE52 /* scenarySource.h */,
				B0268914191F7EA80005CE52 /* scenarySource.m */,
				B0268916191F7EBD0005CE52 /* commandSource.h */,
				B0268917191F7EBD0005CE52 /* commandSource.m */,
			);
			name = cache;
			sourceTree = "<group>";
		};
		B02688F8191F78B60005CE52 /* db */ = {
			isa = PBXGroup;
			children = (
				B032C6581924C43100C08402 /* Helper */,
				B032C6431924C42400C08402 /* FMDB */,
				B0268907191F7DFC0005CE52 /* roomTable.h */,
				B0268908191F7DFC0005CE52 /* roomTable.m */,
				B02688FA191F79670005CE52 /* deviceTable.h */,
				B02688FB191F79670005CE52 /* deviceTable.m */,
				B0268904191F7DE70005CE52 /* scenaryTable.h */,
				B0268905191F7DE70005CE52 /* scenaryTable.m */,
				B026890A191F7E2C0005CE52 /* commandTable.h */,
				B026890B191F7E2C0005CE52 /* commandTable.m */,
			);
			name = db;
			sourceTree = "<group>";
		};
		B02688F9191F78DE0005CE52 /* images */ = {
			isa = PBXGroup;
			children = (
				B090E25C192B7A3C00934BFB /* icon */,
			);
			name = images;
			sourceTree = "<group>";
		};
		B032C6431924C42400C08402 /* FMDB */ = {
			isa = PBXGroup;
			children = (
				B032C6441924C42400C08402 /* extra */,
				B032C6471924C42400C08402 /* src */,
			);
			name = FMDB;
			path = data/db/FMDB;
			sourceTree = "<group>";
		};
		B032C6441924C42400C08402 /* extra */ = {
			isa = PBXGroup;
			children = (
				B032C6451924C42400C08402 /* FMDatabase+InMemoryOnDiskIO.h */,
				B032C6461924C42400C08402 /* FMDatabase+InMemoryOnDiskIO.m */,
			);
			path = extra;
			sourceTree = "<group>";
		};
		B032C6471924C42400C08402 /* src */ = {
			isa = PBXGroup;
			children = (
				B032C6481924C42400C08402 /* FMDatabase.h */,
				B032C6491924C42400C08402 /* FMDatabase.m */,
				B032C64A1924C42400C08402 /* FMDatabaseAdditions.h */,
				B032C64B1924C42400C08402 /* FMDatabaseAdditions.m */,
				B032C64C1924C42400C08402 /* FMDatabasePool.h */,
				B032C64D1924C42400C08402 /* FMDatabasePool.m */,
				B032C64E1924C42400C08402 /* FMDatabaseQueue.h */,
				B032C64F1924C42400C08402 /* FMDatabaseQueue.m */,
				B032C6501924C42400C08402 /* FMResultSet.h */,
				B032C6511924C42400C08402 /* FMResultSet.m */,
			);
			path = src;
			sourceTree = "<group>";
		};
		B032C6581924C43100C08402 /* Helper */ = {
			isa = PBXGroup;
			children = (
				B032C6591924C43100C08402 /* LKDB+Manager.h */,
				B032C65A1924C43100C08402 /* LKDB+Manager.m */,
				B032C65B1924C43100C08402 /* LKDB+Mapping.h */,
				B032C65C1924C43100C08402 /* LKDB+Mapping.m */,
				B032C65D1924C43100C08402 /* LKDBHelper.h */,
				B032C65E1924C43100C08402 /* LKDBHelper.m */,
				B032C65F1924C43100C08402 /* LKDBUtils.h */,
				B032C6601924C43100C08402 /* LKDBUtils.m */,
				B032C6611924C43100C08402 /* NSObject+LKDBHelper.h */,
				B032C6621924C43100C08402 /* NSObject+LKDBHelper.m */,
				B032C6631924C43100C08402 /* NSObject+LKModel.h */,
				B032C6641924C43100C08402 /* NSObject+LKModel.m */,
			);
			name = Helper;
			path = data/db/Helper;
			sourceTree = "<group>";
		};
		B07217ED1929FBA8009C1EDF /* rootView */ = {
			isa = PBXGroup;
			children = (
				B02688FE191F7DA80005CE52 /* AppDelegate.h */,
				B02688FF191F7DA80005CE52 /* AppDelegate.m */,
				B0268900191F7DA80005CE52 /* ViewController.h */,
				B0268901191F7DA80005CE52 /* ViewController.m */,
			);
			name = rootView;
			sourceTree = "<group>";
		};
		B07217EE1929FBC7009C1EDF /* roomsView */ = {
			isa = PBXGroup;
			children = (
				B0268931191F80770005CE52 /* RoomsViewController.h */,
				B0268932191F80770005CE52 /* RoomsViewController.m */,
				B0268933191F80770005CE52 /* RoomsViewController.xib */,
				B032C63E1924C34F00C08402 /* RoomsAddViewController.h */,
				B032C63F1924C34F00C08402 /* RoomsAddViewController.m */,
				B032C6401924C34F00C08402 /* RoomsAddViewController.xib */,
				B0B8D64B192CBEC4009743B6 /* RoomsDetailViewController.h */,
				B0B8D64C192CBEC4009743B6 /* RoomsDetailViewController.m */,
				B0B8D64D192CBEC4009743B6 /* RoomsDetailViewController.xib */,
				B0F6EE3C193892EF00A114E1 /* RoomsAddDevViewController.h */,
				B0F6EE3D193892EF00A114E1 /* RoomsAddDevViewController.m */,
				B0F6EE3E193892EF00A114E1 /* RoomsAddDevViewController.xib */,
			);
			name = roomsView;
			sourceTree = "<group>";
		};
		B07217EF1929FBE5009C1EDF /* scenaryView */ = {
			isa = PBXGroup;
			children = (
				B0268936191F80D80005CE52 /* ScenaryViewController.h */,
				B0268937191F80D80005CE52 /* ScenaryViewController.m */,
				B0268938191F80D80005CE52 /* ScenaryViewController.xib */,
				B0F6EE3719387C3500A114E1 /* ScenaryAddCommandViewController.h */,
				B0F6EE3819387C3500A114E1 /* ScenaryAddCommandViewController.m */,
				B0F6EE3919387C3500A114E1 /* ScenaryAddCommandViewController.xib */,
			);
			name = scenaryView;
			sourceTree = "<group>";
		};
		B07217F01929FC1E009C1EDF /* lampView */ = {
			isa = PBXGroup;
			children = (
				B0268945191F82FE0005CE52 /* LampViewController.h */,
				B0268946191F82FE0005CE52 /* LampViewController.m */,
				B0268947191F82FE0005CE52 /* LampViewController.xib */,
			);
			name = lampView;
			sourceTree = "<group>";
		};
		B07217F11929FC2E009C1EDF /* webcamView */ = {
			isa = PBXGroup;
			children = (
				B026894A191F832C0005CE52 /* WebcamViewController.h */,
				B026894B191F832D0005CE52 /* WebcamViewController.m */,
				B026894C191F832D0005CE52 /* WebcamViewController.xib */,
			);
			name = webcamView;
			sourceTree = "<group>";
		};
		B07217F21929FC39009C1EDF /* curtainView */ = {
			isa = PBXGroup;
			children = (
				B026894F191F834B0005CE52 /* CurtainViewController.h */,
				B0268950191F834B0005CE52 /* CurtainViewController.m */,
				B0268951191F834B0005CE52 /* CurtainViewController.xib */,
			);
			name = curtainView;
			sourceTree = "<group>";
		};
		B07217F31929FC44009C1EDF /* tvView */ = {
			isa = PBXGroup;
			children = (
				B0268954191F83610005CE52 /* TVViewController.h */,
				B0268955191F83610005CE52 /* TVViewController.m */,
				B0268956191F83610005CE52 /* TVViewController.xib */,
			);
			name = tvView;
			sourceTree = "<group>";
		};
		B07217F41929FC50009C1EDF /* socView */ = {
			isa = PBXGroup;
			children = (
				B0268959191F83850005CE52 /* SocViewController.h */,
				B026895A191F83850005CE52 /* SocViewController.m */,
				B026895B191F83850005CE52 /* SocViewController.xib */,
			);
			name = socView;
			sourceTree = "<group>";
		};
		B07217F51929FC5C009C1EDF /* airconView */ = {
			isa = PBXGroup;
			children = (
				B026895E191F83D90005CE52 /* AirconViewController.h */,
				B026895F191F83DA0005CE52 /* AirconViewController.m */,
				B0268960191F83DA0005CE52 /* AirconViewController.xib */,
			);
			name = airconView;
			sourceTree = "<group>";
		};
		B07217F61929FCC2009C1EDF /* setView */ = {
			isa = PBXGroup;
			children = (
				B026893B191F82A40005CE52 /* SetViewController.h */,
				B026893C191F82A40005CE52 /* SetViewController.m */,
				B026893D191F82A40005CE52 /* SetViewController.xib */,
			);
			name = setView;
			sourceTree = "<group>";
		};
		B07217F71929FCC8009C1EDF /* addView */ = {
			isa = PBXGroup;
			children = (
				B0268940191F82D50005CE52 /* AddDevViewController.h */,
				B0268941191F82D50005CE52 /* AddDevViewController.m */,
				B0268942191F82D50005CE52 /* AddDevViewController.xib */,
			);
			name = addView;
			sourceTree = "<group>";
		};
		B0850F67192600DE0047419F /* lib */ = {
			isa = PBXGroup;
			children = (
			);
			name = lib;
			sourceTree = "<group>";
		};
		B090E25C192B7A3C00934BFB /* icon */ = {
			isa = PBXGroup;
			children = (
				B090E246192B794100934BFB /* NEWLOGO -Highlight.png */,
				B090E247192B794100934BFB /* NEWLOGO -Highlight29.png */,
				B090E248192B794100934BFB /* NEWLOGO -Highlight40.png */,
				B090E249192B794100934BFB /* NEWLOGO -Highlight58.png */,
				B090E24A192B794100934BFB /* NEWLOGO -Highlight76.png */,
				B090E24B192B794100934BFB /* NEWLOGO -Highlight80.png */,
				B090E24C192B794100934BFB /* NEWLOGO -Highlight120.png */,
				B090E24D192B794100934BFB /* NEWLOGO -Highlight152.png */,
				B090E24E192B794100934BFB /* NEWLOGO -Highlight156.png */,
				B090E24F192B794100934BFB /* NEWLOGO -Highlight1024.png */,
				B090E250192B794100934BFB /* TurnOFFImage1.png */,
			);
			name = icon;
			sourceTree = "<group>";
		};
/* End PBXGroup section */

/* Begin PBXNativeTarget section */
		B02688B6191F77460005CE52 /* XHomeDemo */ = {
			isa = PBXNativeTarget;
			buildConfigurationList = B02688EC191F77470005CE52 /* Build configuration list for PBXNativeTarget "XHomeDemo" */;
			buildPhases = (
				B02688B3191F77460005CE52 /* Sources */,
				B02688B4191F77460005CE52 /* Frameworks */,
				B02688B5191F77460005CE52 /* Resources */,
			);
			buildRules = (
			);
			dependencies = (
			);
			name = XHomeDemo;
			productName = XHomeDemo;
			productReference = B02688B7191F77460005CE52 /* XHomeDemo.app */;
			productType = "com.apple.product-type.application";
		};
/* End PBXNativeTarget section */

/* Begin PBXProject section */
		B02688AF191F77460005CE52 /* Project object */ = {
			isa = PBXProject;
			attributes = {
				LastUpgradeCheck = 0510;
				ORGANIZATIONNAME = "ROBOTIZE-LIFE";
			};
			buildConfigurationList = B02688B2191F77460005CE52 /* Build configuration list for PBXProject "XHomeDemo" */;
			compatibilityVersion = "Xcode 3.2";
			developmentRegion = English;
			hasScannedForEncodings = 0;
			knownRegions = (
				en,
				Base,
			);
			mainGroup = B02688AE191F77460005CE52;
			productRefGroup = B02688B8191F77460005CE52 /* Products */;
			projectDirPath = "";
			projectRoot = "";
			targets = (
				B02688B6191F77460005CE52 /* XHomeDemo */,
			);
		};
/* End PBXProject section */

/* Begin PBXResourcesBuildPhase section */
		B02688B5191F77460005CE52 /* Resources */ = {
			isa = PBXResourcesBuildPhase;
			buildActionMask = 2147483647;
			files = (
				B0268962191F83DA0005CE52 /* AirconViewController.xib in Resources */,
				B026895D191F83850005CE52 /* SocViewController.xib in Resources */,
				B032C6421924C34F00C08402 /* RoomsAddViewController.xib in Resources */,
				B090E253192B794100934BFB /* NEWLOGO -Highlight40.png in Resources */,
				B0B8D64F192CBEC4009743B6 /* RoomsDetailViewController.xib in Resources */,
				B0268944191F82D50005CE52 /* AddDevViewController.xib in Resources */,
				B0268953191F834B0005CE52 /* CurtainViewController.xib in Resources */,
				B090E254192B794100934BFB /* NEWLOGO -Highlight58.png in Resources */,
				B0F6EE3B19387C3500A114E1 /* ScenaryAddCommandViewController.xib in Resources */,
				B026893A191F80D80005CE52 /* ScenaryViewController.xib in Resources */,
				B090E259192B794100934BFB /* NEWLOGO -Highlight156.png in Resources */,
				B0268949191F82FE0005CE52 /* LampViewController.xib in Resources */,
				B090E258192B794100934BFB /* NEWLOGO -Highlight152.png in Resources */,
				B0F6EE40193892EF00A114E1 /* RoomsAddDevViewController.xib in Resources */,
				B090E25A192B794100934BFB /* NEWLOGO -Highlight1024.png in Resources */,
				B090E256192B794100934BFB /* NEWLOGO -Highlight80.png in Resources */,
				B02688D1191F77470005CE52 /* Main_iPad.storyboard in Resources */,
				B02688D6191F77470005CE52 /* Images.xcassets in Resources */,
				B090E252192B794100934BFB /* NEWLOGO -Highlight29.png in Resources */,
				B090E255192B794100934BFB /* NEWLOGO -Highlight76.png in Resources */,
				B090E251192B794100934BFB /* NEWLOGO -Highlight.png in Resources */,
				B090E257192B794100934BFB /* NEWLOGO -Highlight120.png in Resources */,
				B026894E191F832D0005CE52 /* WebcamViewController.xib in Resources */,
				B02688CE191F77470005CE52 /* Main_iPhone.storyboard in Resources */,
				B0268935191F80770005CE52 /* RoomsViewController.xib in Resources */,
				B090E25B192B794100934BFB /* TurnOFFImage1.png in Resources */,
				B026893F191F82A40005CE52 /* SetViewController.xib in Resources */,
				B0268958191F83610005CE52 /* TVViewController.xib in Resources */,
				B02688C5191F77460005CE52 /* InfoPlist.strings in Resources */,
			);
			runOnlyForDeploymentPostprocessing = 0;
		};
/* End PBXResourcesBuildPhase section */

/* Begin PBXSourcesBuildPhase section */
		B02688B3191F77460005CE52 /* Sources */ = {
			isa = PBXSourcesBuildPhase;
			buildActionMask = 2147483647;
			files = (
				B032C6671924C43100C08402 /* LKDBHelper.m in Sources */,
				B0268948191F82FE0005CE52 /* LampViewController.m in Sources */,
				B0268943191F82D50005CE52 /* AddDevViewController.m in Sources */,
				B0850F72192605630047419F /* commandModel.m in Sources */,
				B0F6EE3A19387C3500A114E1 /* ScenaryAddCommandViewController.m in Sources */,
				B032C6661924C43100C08402 /* LKDB+Mapping.m in Sources */,
				B0268912191F7E920005CE52 /* roomSource.m in Sources */,
				B0268939191F80D80005CE52 /* ScenaryViewController.m in Sources */,
				B032C6411924C34F00C08402 /* RoomsAddViewController.m in Sources */,
				B032C6571924C42400C08402 /* FMResultSet.m in Sources */,
				B026892D191F7F710005CE52 /* scenaryMgr.m in Sources */,
				B032C6651924C43100C08402 /* LKDB+Manager.m in Sources */,
				B032C66A1924C43100C08402 /* NSObject+LKModel.m in Sources */,
				B0268952191F834B0005CE52 /* CurtainViewController.m in Sources */,
				B0268918191F7EBD0005CE52 /* commandSource.m in Sources */,
				B032C6561924C42400C08402 /* FMDatabaseQueue.m in Sources */,
				B0268930191F7F880005CE52 /* commandMgr.m in Sources */,
				B0268957191F83610005CE52 /* TVViewController.m in Sources */,
				B0268934191F80770005CE52 /* RoomsViewController.m in Sources */,
				B026892A191F7F5F0005CE52 /* roomMgr.m in Sources */,
				B032C6681924C43100C08402 /* LKDBUtils.m in Sources */,
				B032C6531924C42400C08402 /* FMDatabase.m in Sources */,
				B026890C191F7E2C0005CE52 /* commandTable.m in Sources */,
				B0268903191F7DA80005CE52 /* ViewController.m in Sources */,
				B026894D191F832D0005CE52 /* WebcamViewController.m in Sources */,
				B026890F191F7E740005CE52 /* deviceSource.m in Sources */,
				B032C6521924C42400C08402 /* FMDatabase+InMemoryOnDiskIO.m in Sources */,
				B0B8D64E192CBEC4009743B6 /* RoomsDetailViewController.m in Sources */,
				B0850F6F192605510047419F /* deviceModel.m in Sources */,
				B0268961191F83DA0005CE52 /* AirconViewController.m in Sources */,
				B02688FC191F79670005CE52 /* deviceTable.m in Sources */,
				B0268906191F7DE70005CE52 /* scenaryTable.m in Sources */,
				B0268915191F7EA80005CE52 /* scenarySource.m in Sources */,
				B026895C191F83850005CE52 /* SocViewController.m in Sources */,
				B0268927191F7F4E0005CE52 /* deviceMgr.m in Sources */,
				B0268909191F7DFC0005CE52 /* roomTable.m in Sources */,
				B032C6541924C42400C08402 /* FMDatabaseAdditions.m in Sources */,
				B026893E191F82A40005CE52 /* SetViewController.m in Sources */,
				B02688C7191F77460005CE52 /* main.m in Sources */,
				B0268902191F7DA80005CE52 /* AppDelegate.m in Sources */,
				B0850F6C192605380047419F /* roomModel.m in Sources */,
				B032C6691924C43100C08402 /* NSObject+LKDBHelper.m in Sources */,
				B0F6EE3F193892EF00A114E1 /* RoomsAddDevViewController.m in Sources */,
				B032C6551924C42400C08402 /* FMDatabasePool.m in Sources */,
				B0850F751926057A0047419F /* scenaryModel.m in Sources */,
			);
			runOnlyForDeploymentPostprocessing = 0;
		};
/* End PBXSourcesBuildPhase section */

/* Begin PBXVariantGroup section */
		B02688C3191F77460005CE52 /* InfoPlist.strings */ = {
			isa = PBXVariantGroup;
			children = (
				B02688C4191F77460005CE52 /* en */,
			);
			name = InfoPlist.strings;
			sourceTree = "<group>";
		};
		B02688CC191F77470005CE52 /* Main_iPhone.storyboard */ = {
			isa = PBXVariantGroup;
			children = (
				B02688CD191F77470005CE52 /* Base */,
			);
			name = Main_iPhone.storyboard;
			sourceTree = "<group>";
		};
		B02688CF191F77470005CE52 /* Main_iPad.storyboard */ = {
			isa = PBXVariantGroup;
			children = (
				B02688D0191F77470005CE52 /* Base */,
			);
			name = Main_iPad.storyboard;
			sourceTree = "<group>";
		};
/* End PBXVariantGroup section */

/* Begin XCBuildConfiguration section */
		B02688EA191F77470005CE52 /* Debug */ = {
			isa = XCBuildConfiguration;
			buildSettings = {
				ALWAYS_SEARCH_USER_PATHS = NO;
				CLANG_CXX_LANGUAGE_STANDARD = "gnu++0x";
				CLANG_CXX_LIBRARY = "libc++";
				CLANG_ENABLE_MODULES = YES;
				CLANG_ENABLE_OBJC_ARC = YES;
				CLANG_WARN_BOOL_CONVERSION = YES;
				CLANG_WARN_CONSTANT_CONVERSION = YES;
				CLANG_WARN_DIRECT_OBJC_ISA_USAGE = YES_ERROR;
				CLANG_WARN_EMPTY_BODY = YES;
				CLANG_WARN_ENUM_CONVERSION = YES;
				CLANG_WARN_INT_CONVERSION = YES;
				CLANG_WARN_OBJC_ROOT_CLASS = YES_ERROR;
				CLANG_WARN__DUPLICATE_METHOD_MATCH = YES;
				CODE_SIGN_IDENTITY = "iPhone Developer: xing zhao (TBB7PP4HL9)";
				"CODE_SIGN_IDENTITY[sdk=iphoneos*]" = "iPhone Developer: xing zhao (TBB7PP4HL9)";
				COPY_PHASE_STRIP = NO;
				GCC_C_LANGUAGE_STANDARD = gnu99;
				GCC_DYNAMIC_NO_PIC = NO;
				GCC_OPTIMIZATION_LEVEL = 0;
				GCC_PREPROCESSOR_DEFINITIONS = (
					"DEBUG=1",
					"$(inherited)",
				);
				GCC_SYMBOLS_PRIVATE_EXTERN = NO;
				GCC_WARN_64_TO_32_BIT_CONVERSION = YES;
				GCC_WARN_ABOUT_RETURN_TYPE = YES_ERROR;
				GCC_WARN_UNDECLARED_SELECTOR = YES;
				GCC_WARN_UNINITIALIZED_AUTOS = YES_AGGRESSIVE;
				GCC_WARN_UNUSED_FUNCTION = YES;
				GCC_WARN_UNUSED_VARIABLE = YES;
				IPHONEOS_DEPLOYMENT_TARGET = 6.1;
				ONLY_ACTIVE_ARCH = YES;
				SDKROOT = iphoneos;
				TARGETED_DEVICE_FAMILY = "1,2";
			};
			name = Debug;
		};
		B02688EB191F77470005CE52 /* Release */ = {
			isa = XCBuildConfiguration;
			buildSettings = {
				ALWAYS_SEARCH_USER_PATHS = NO;
				CLANG_CXX_LANGUAGE_STANDARD = "gnu++0x";
				CLANG_CXX_LIBRARY = "libc++";
				CLANG_ENABLE_MODULES = YES;
				CLANG_ENABLE_OBJC_ARC = YES;
				CLANG_WARN_BOOL_CONVERSION = YES;
				CLANG_WARN_CONSTANT_CONVERSION = YES;
				CLANG_WARN_DIRECT_OBJC_ISA_USAGE = YES_ERROR;
				CLANG_WARN_EMPTY_BODY = YES;
				CLANG_WARN_ENUM_CONVERSION = YES;
				CLANG_WARN_INT_CONVERSION = YES;
				CLANG_WARN_OBJC_ROOT_CLASS = YES_ERROR;
				CLANG_WARN__DUPLICATE_METHOD_MATCH = YES;
				CODE_SIGN_IDENTITY = "iPhone Developer: xing zhao (TBB7PP4HL9)";
				"CODE_SIGN_IDENTITY[sdk=iphoneos*]" = "iPhone Developer: xing zhao (TBB7PP4HL9)";
				COPY_PHASE_STRIP = YES;
				ENABLE_NS_ASSERTIONS = NO;
				GCC_C_LANGUAGE_STANDARD = gnu99;
				GCC_WARN_64_TO_32_BIT_CONVERSION = YES;
				GCC_WARN_ABOUT_RETURN_TYPE = YES_ERROR;
				GCC_WARN_UNDECLARED_SELECTOR = YES;
				GCC_WARN_UNINITIALIZED_AUTOS = YES_AGGRESSIVE;
				GCC_WARN_UNUSED_FUNCTION = YES;
				GCC_WARN_UNUSED_VARIABLE = YES;
				IPHONEOS_DEPLOYMENT_TARGET = 6.1;
				SDKROOT = iphoneos;
				TARGETED_DEVICE_FAMILY = "1,2";
				VALIDATE_PRODUCT = YES;
			};
			name = Release;
		};
		B02688ED191F77470005CE52 /* Debug */ = {
			isa = XCBuildConfiguration;
			buildSettings = {
				ASSETCATALOG_COMPILER_APPICON_NAME = AppIcon;
				ASSETCATALOG_COMPILER_LAUNCHIMAGE_NAME = LaunchImage;
				CODE_SIGN_IDENTITY = "iPhone Developer: xing zhao (TBB7PP4HL9)";
				GCC_PRECOMPILE_PREFIX_HEADER = YES;
				GCC_PREFIX_HEADER = "XHomeDemo/XHomeDemo-Prefix.pch";
				INFOPLIST_FILE = "XHomeDemo/XHomeDemo-Info.plist";
				IPHONEOS_DEPLOYMENT_TARGET = 6.1;
				PRODUCT_NAME = "$(TARGET_NAME)";
				WRAPPER_EXTENSION = app;
			};
			name = Debug;
		};
		B02688EE191F77470005CE52 /* Release */ = {
			isa = XCBuildConfiguration;
			buildSettings = {
				ASSETCATALOG_COMPILER_APPICON_NAME = AppIcon;
				ASSETCATALOG_COMPILER_LAUNCHIMAGE_NAME = LaunchImage;
				CODE_SIGN_IDENTITY = "iPhone Developer: xing zhao (TBB7PP4HL9)";
				GCC_PRECOMPILE_PREFIX_HEADER = YES;
				GCC_PREFIX_HEADER = "XHomeDemo/XHomeDemo-Prefix.pch";
				INFOPLIST_FILE = "XHomeDemo/XHomeDemo-Info.plist";
				IPHONEOS_DEPLOYMENT_TARGET = 6.1;
				PRODUCT_NAME = "$(TARGET_NAME)";
				WRAPPER_EXTENSION = app;
			};
			name = Release;
		};
/* End XCBuildConfiguration section */

/* Begin XCConfigurationList section */
		B02688B2191F77460005CE52 /* Build configuration list for PBXProject "XHomeDemo" */ = {
			isa = XCConfigurationList;
			buildConfigurations = (
				B02688EA191F77470005CE52 /* Debug */,
				B02688EB191F77470005CE52 /* Release */,
			);
			defaultConfigurationIsVisible = 0;
			defaultConfigurationName = Release;
		};
		B02688EC191F77470005CE52 /* Build configuration list for PBXNativeTarget "XHomeDemo" */ = {
			isa = XCConfigurationList;
			buildConfigurations = (
				B02688ED191F77470005CE52 /* Debug */,
				B02688EE191F77470005CE52 /* Release */,
			);
			defaultConfigurationIsVisible = 0;
			defaultConfigurationName = Release;
		};
/* End XCConfigurationList section */
	};
	rootObject = B02688AF191F77460005CE52 /* Project object */;
}
